// !$*UTF8*$!
{
	archiveVersion = 1;
	classes = {
	};
	objectVersion = 51;
	objects = {

/* Begin PBXBuildFile section */
		22CF981F09DF6BA1E4ABA529 /* Pods_InstaMFDTests.framework in Frameworks */ = {isa = PBXBuildFile; fileRef = 7DE042465639F931BDF226C7 /* Pods_InstaMFDTests.framework */; };
		8305F1CFCE01E4D4AAF53E6D /* Pods_InstaMFD.framework in Frameworks */ = {isa = PBXBuildFile; fileRef = A42F4AC8BBE249B9B5F14DD0 /* Pods_InstaMFD.framework */; };
		BA2B993F26978B33009E05D5 /* AppDelegate.swift in Sources */ = {isa = PBXBuildFile; fileRef = BA2B993E26978B33009E05D5 /* AppDelegate.swift */; };
		BA2B994126978B33009E05D5 /* SceneDelegate.swift in Sources */ = {isa = PBXBuildFile; fileRef = BA2B994026978B33009E05D5 /* SceneDelegate.swift */; };
		BA2B994926978B33009E05D5 /* InstaMFD.xcdatamodeld in Sources */ = {isa = PBXBuildFile; fileRef = BA2B994726978B33009E05D5 /* InstaMFD.xcdatamodeld */; };
		BA2B994B26978B34009E05D5 /* Assets.xcassets in Resources */ = {isa = PBXBuildFile; fileRef = BA2B994A26978B34009E05D5 /* Assets.xcassets */; };
		BA2B994E26978B34009E05D5 /* LaunchScreen.storyboard in Resources */ = {isa = PBXBuildFile; fileRef = BA2B994C26978B34009E05D5 /* LaunchScreen.storyboard */; };
		BA2B995926978B34009E05D5 /* InstaMFDLoginTests.swift in Sources */ = {isa = PBXBuildFile; fileRef = BA2B995826978B34009E05D5 /* InstaMFDLoginTests.swift */; };
		BA70FDF226A2C6B500A6BA8E /* Cons.swift in Sources */ = {isa = PBXBuildFile; fileRef = BA70FDF126A2C6B500A6BA8E /* Cons.swift */; };
		BA7408BB269CC31800E3BC20 /* SignUpMethodContracts.swift in Sources */ = {isa = PBXBuildFile; fileRef = BA7408BA269CC31800E3BC20 /* SignUpMethodContracts.swift */; };
		BA7408BD269CC33300E3BC20 /* SignUpMethodBuilder.swift in Sources */ = {isa = PBXBuildFile; fileRef = BA7408BC269CC33300E3BC20 /* SignUpMethodBuilder.swift */; };
		BA7408BF269CC33A00E3BC20 /* SignUpMethodView.swift in Sources */ = {isa = PBXBuildFile; fileRef = BA7408BE269CC33A00E3BC20 /* SignUpMethodView.swift */; };
		BA7408C1269CC34900E3BC20 /* SignUpMethodViewModel.swift in Sources */ = {isa = PBXBuildFile; fileRef = BA7408C0269CC34900E3BC20 /* SignUpMethodViewModel.swift */; };
		BA7408C3269CC35100E3BC20 /* SignUpMethodRouter.swift in Sources */ = {isa = PBXBuildFile; fileRef = BA7408C2269CC35100E3BC20 /* SignUpMethodRouter.swift */; };
		BA740915269D9F4B00E3BC20 /* Bundle.swift in Sources */ = {isa = PBXBuildFile; fileRef = BA740914269D9F4B00E3BC20 /* Bundle.swift */; };
		BA740917269D9F6900E3BC20 /* TextField.swift in Sources */ = {isa = PBXBuildFile; fileRef = BA740916269D9F6900E3BC20 /* TextField.swift */; };
		BA740919269D9F9D00E3BC20 /* CountryCode.swift in Sources */ = {isa = PBXBuildFile; fileRef = BA740918269D9F9D00E3BC20 /* CountryCode.swift */; };
		BA74091B269D9FCA00E3BC20 /* CountryCodeResponder.swift in Sources */ = {isa = PBXBuildFile; fileRef = BA74091A269D9FCA00E3BC20 /* CountryCodeResponder.swift */; };
		BA74091D269D9FF400E3BC20 /* DecoderErrors.swift in Sources */ = {isa = PBXBuildFile; fileRef = BA74091C269D9FF400E3BC20 /* DecoderErrors.swift */; };
		BA74091F269DA00E00E3BC20 /* CountryCodesService.swift in Sources */ = {isa = PBXBuildFile; fileRef = BA74091E269DA00E00E3BC20 /* CountryCodesService.swift */; };
		BA740921269DA03900E3BC20 /* countryPhoneCodes.json in Resources */ = {isa = PBXBuildFile; fileRef = BA740920269DA03900E3BC20 /* countryPhoneCodes.json */; };
		BA740923269DA21000E3BC20 /* SignUpMethodModel.swift in Sources */ = {isa = PBXBuildFile; fileRef = BA740922269DA21000E3BC20 /* SignUpMethodModel.swift */; };
		BA74496B26BBDCD0009D4E40 /* AddImageDBRouter.swift in Sources */ = {isa = PBXBuildFile; fileRef = BA74496326BBDCD0009D4E40 /* AddImageDBRouter.swift */; };
		BA74496C26BBDCD0009D4E40 /* AddImageDBViewModel.swift in Sources */ = {isa = PBXBuildFile; fileRef = BA74496426BBDCD0009D4E40 /* AddImageDBViewModel.swift */; };
		BA74496D26BBDCD0009D4E40 /* AddImageDBBuilder.swift in Sources */ = {isa = PBXBuildFile; fileRef = BA74496526BBDCD0009D4E40 /* AddImageDBBuilder.swift */; };
		BA74496E26BBDCD0009D4E40 /* AddImageTopCell.swift in Sources */ = {isa = PBXBuildFile; fileRef = BA74496726BBDCD0009D4E40 /* AddImageTopCell.swift */; };
		BA74496F26BBDCD0009D4E40 /* AddImageDBView.swift in Sources */ = {isa = PBXBuildFile; fileRef = BA74496826BBDCD0009D4E40 /* AddImageDBView.swift */; };
		BA74497026BBDCD0009D4E40 /* AddImageDBContracts.swift in Sources */ = {isa = PBXBuildFile; fileRef = BA74496926BBDCD0009D4E40 /* AddImageDBContracts.swift */; };
		BA74497226BBE10B009D4E40 /* FilteredImageContainer.swift in Sources */ = {isa = PBXBuildFile; fileRef = BA74497126BBE10B009D4E40 /* FilteredImageContainer.swift */; };
		BA746F8626AED23F005423CC /* PhotoPicker.swift in Sources */ = {isa = PBXBuildFile; fileRef = BA746F8526AED23E005423CC /* PhotoPicker.swift */; };
		BA746F8826AF3563005423CC /* PhotoDownloader.swift in Sources */ = {isa = PBXBuildFile; fileRef = BA746F8726AF3563005423CC /* PhotoDownloader.swift */; };
		BA7521E426AEAA7C00352D1F /* UserPageBuilder.swift in Sources */ = {isa = PBXBuildFile; fileRef = BA7521DB26AEAA7A00352D1F /* UserPageBuilder.swift */; };
		BA7521E526AEAA7C00352D1F /* UserPageView.swift in Sources */ = {isa = PBXBuildFile; fileRef = BA7521DC26AEAA7A00352D1F /* UserPageView.swift */; };
		BA7521E626AEAA7C00352D1F /* UserPageCollectionViewLayout.swift in Sources */ = {isa = PBXBuildFile; fileRef = BA7521DD26AEAA7B00352D1F /* UserPageCollectionViewLayout.swift */; };
		BA7521E726AEAA7C00352D1F /* PhotoHeaderReusableView.swift in Sources */ = {isa = PBXBuildFile; fileRef = BA7521DE26AEAA7B00352D1F /* PhotoHeaderReusableView.swift */; };
		BA7521E826AEAA7C00352D1F /* UserPageContracts.swift in Sources */ = {isa = PBXBuildFile; fileRef = BA7521DF26AEAA7B00352D1F /* UserPageContracts.swift */; };
		BA7521E926AEAA7C00352D1F /* UserCell.swift in Sources */ = {isa = PBXBuildFile; fileRef = BA7521E026AEAA7B00352D1F /* UserCell.swift */; };
		BA7521EA26AEAA7C00352D1F /* UserPageViewModel.swift in Sources */ = {isa = PBXBuildFile; fileRef = BA7521E126AEAA7B00352D1F /* UserPageViewModel.swift */; };
		BA7521EB26AEAA7C00352D1F /* PhotoCell.swift in Sources */ = {isa = PBXBuildFile; fileRef = BA7521E226AEAA7B00352D1F /* PhotoCell.swift */; };
		BA7521EC26AEAA7C00352D1F /* StoryCell.swift in Sources */ = {isa = PBXBuildFile; fileRef = BA7521E326AEAA7B00352D1F /* StoryCell.swift */; };
		BA75220026AEB98C00352D1F /* AddProfilePhotoBuilder.swift in Sources */ = {isa = PBXBuildFile; fileRef = BA7521FB26AEB98B00352D1F /* AddProfilePhotoBuilder.swift */; };
		BA75220126AEB98C00352D1F /* AddProfilePhotoViewContracts.swift in Sources */ = {isa = PBXBuildFile; fileRef = BA7521FC26AEB98C00352D1F /* AddProfilePhotoViewContracts.swift */; };
		BA75220226AEB98C00352D1F /* AddProfilePhotoViewModel.swift in Sources */ = {isa = PBXBuildFile; fileRef = BA7521FD26AEB98C00352D1F /* AddProfilePhotoViewModel.swift */; };
		BA75220326AEB98C00352D1F /* AddProfilePhotoRouter.swift in Sources */ = {isa = PBXBuildFile; fileRef = BA7521FE26AEB98C00352D1F /* AddProfilePhotoRouter.swift */; };
		BA75220426AEB98C00352D1F /* AddProfilePhotoView.swift in Sources */ = {isa = PBXBuildFile; fileRef = BA7521FF26AEB98C00352D1F /* AddProfilePhotoView.swift */; };
		BA7522E0269E091B008F2251 /* InstaMFDSignUpTests.swift in Sources */ = {isa = PBXBuildFile; fileRef = BA7522DF269E091B008F2251 /* InstaMFDSignUpTests.swift */; };
		BA76409726BAF76F00FA77F1 /* Photo.swift in Sources */ = {isa = PBXBuildFile; fileRef = BA76409626BAF76F00FA77F1 /* Photo.swift */; };
		BA76409926BAF7D400FA77F1 /* FileFromType.swift in Sources */ = {isa = PBXBuildFile; fileRef = BA76409826BAF7D400FA77F1 /* FileFromType.swift */; };
		BA76409B26BAF82A00FA77F1 /* AlbumFile.swift in Sources */ = {isa = PBXBuildFile; fileRef = BA76409A26BAF82A00FA77F1 /* AlbumFile.swift */; };
		BA76409D26BAF87B00FA77F1 /* AlbumCollection.swift in Sources */ = {isa = PBXBuildFile; fileRef = BA76409C26BAF87B00FA77F1 /* AlbumCollection.swift */; };
		BA76409F26BAF8B500FA77F1 /* AlbumConstant.swift in Sources */ = {isa = PBXBuildFile; fileRef = BA76409E26BAF8B500FA77F1 /* AlbumConstant.swift */; };
		BA7640A126BAF91200FA77F1 /* Debug.swift in Sources */ = {isa = PBXBuildFile; fileRef = BA7640A026BAF91200FA77F1 /* Debug.swift */; };
		BA76EB7D26B2A8C1009DF421 /* UserDataItems.swift in Sources */ = {isa = PBXBuildFile; fileRef = BA76EB7C26B2A8C1009DF421 /* UserDataItems.swift */; };
		BA76EB8026B2A921009DF421 /* UserPageSection.swift in Sources */ = {isa = PBXBuildFile; fileRef = BA76EB7F26B2A921009DF421 /* UserPageSection.swift */; };
		BA76EB8326B2ACBF009DF421 /* NewPostCollectionViewSection.swift in Sources */ = {isa = PBXBuildFile; fileRef = BA76EB8226B2ACBF009DF421 /* NewPostCollectionViewSection.swift */; };
		BA782C8C26B4036400FF5B2D /* FilterPostView.swift in Sources */ = {isa = PBXBuildFile; fileRef = BA782C8626B4036300FF5B2D /* FilterPostView.swift */; };
		BA782C8D26B4036400FF5B2D /* FilterPostRouter.swift in Sources */ = {isa = PBXBuildFile; fileRef = BA782C8726B4036400FF5B2D /* FilterPostRouter.swift */; };
		BA782C8E26B4036400FF5B2D /* FilterPostViewModel.swift in Sources */ = {isa = PBXBuildFile; fileRef = BA782C8826B4036400FF5B2D /* FilterPostViewModel.swift */; };
		BA782C8F26B4036400FF5B2D /* FilterPostContracts.swift in Sources */ = {isa = PBXBuildFile; fileRef = BA782C8926B4036400FF5B2D /* FilterPostContracts.swift */; };
		BA782C9026B4036400FF5B2D /* PhotoFilter.swift in Sources */ = {isa = PBXBuildFile; fileRef = BA782C8A26B4036400FF5B2D /* PhotoFilter.swift */; };
		BA782C9126B4036400FF5B2D /* FilterPostBuilder.swift in Sources */ = {isa = PBXBuildFile; fileRef = BA782C8B26B4036400FF5B2D /* FilterPostBuilder.swift */; };
		BA78364B26B9255800D4DA28 /* ContactedUserContract.swift in Sources */ = {isa = PBXBuildFile; fileRef = BA78364A26B9255800D4DA28 /* ContactedUserContract.swift */; };
		BA78364D26B9256500D4DA28 /* ContactedUserViewModel.swift in Sources */ = {isa = PBXBuildFile; fileRef = BA78364C26B9256500D4DA28 /* ContactedUserViewModel.swift */; };
		BA78364F26B9256E00D4DA28 /* ContactedUserView.swift in Sources */ = {isa = PBXBuildFile; fileRef = BA78364E26B9256E00D4DA28 /* ContactedUserView.swift */; };
		BA78365126B9257B00D4DA28 /* ContactedUserBuilder.swift in Sources */ = {isa = PBXBuildFile; fileRef = BA78365026B9257B00D4DA28 /* ContactedUserBuilder.swift */; };
		BA78365426B9286D00D4DA28 /* ContactedUserCell.swift in Sources */ = {isa = PBXBuildFile; fileRef = BA78365326B9286D00D4DA28 /* ContactedUserCell.swift */; };
		BA78365626B93E9700D4DA28 /* ContactedUserPresenatation.swift in Sources */ = {isa = PBXBuildFile; fileRef = BA78365526B93E9700D4DA28 /* ContactedUserPresenatation.swift */; };
		BA78FDF726B2914100C541A3 /* NewPostViewModel.swift in Sources */ = {isa = PBXBuildFile; fileRef = BA78FDE726B2914100C541A3 /* NewPostViewModel.swift */; };
		BA78FDF826B2914100C541A3 /* NewPostBuilder.swift in Sources */ = {isa = PBXBuildFile; fileRef = BA78FDE826B2914100C541A3 /* NewPostBuilder.swift */; };
		BA78FDFA26B2914100C541A3 /* NewPostCell.swift in Sources */ = {isa = PBXBuildFile; fileRef = BA78FDEA26B2914100C541A3 /* NewPostCell.swift */; };
		BA78FDFB26B2914100C541A3 /* ImageContainer.swift in Sources */ = {isa = PBXBuildFile; fileRef = BA78FDEB26B2914100C541A3 /* ImageContainer.swift */; };
		BA78FDFC26B2914100C541A3 /* NewPostRouter.swift in Sources */ = {isa = PBXBuildFile; fileRef = BA78FDEC26B2914100C541A3 /* NewPostRouter.swift */; };
		BA78FDFD26B2914100C541A3 /* Album Presentation.swift in Sources */ = {isa = PBXBuildFile; fileRef = BA78FDED26B2914100C541A3 /* Album Presentation.swift */; };
		BA78FDFE26B2914100C541A3 /* NewPostView.swift in Sources */ = {isa = PBXBuildFile; fileRef = BA78FDEE26B2914100C541A3 /* NewPostView.swift */; };
		BA78FDFF26B2914100C541A3 /* NewPostContracts.swift in Sources */ = {isa = PBXBuildFile; fileRef = BA78FDEF26B2914100C541A3 /* NewPostContracts.swift */; };
		BA78FE0026B2914100C541A3 /* SelectAlbumViewModel.swift in Sources */ = {isa = PBXBuildFile; fileRef = BA78FDF126B2914100C541A3 /* SelectAlbumViewModel.swift */; };
		BA78FE0126B2914100C541A3 /* SelectAlbumBuilder.swift in Sources */ = {isa = PBXBuildFile; fileRef = BA78FDF226B2914100C541A3 /* SelectAlbumBuilder.swift */; };
		BA78FE0326B2914100C541A3 /* SelectAlbumView.swift in Sources */ = {isa = PBXBuildFile; fileRef = BA78FDF426B2914100C541A3 /* SelectAlbumView.swift */; };
		BA78FE0426B2914100C541A3 /* SelectAlbumContracts.swift in Sources */ = {isa = PBXBuildFile; fileRef = BA78FDF526B2914100C541A3 /* SelectAlbumContracts.swift */; };
		BA78FE0526B2914100C541A3 /* AlbumProvider.swift in Sources */ = {isa = PBXBuildFile; fileRef = BA78FDF626B2914100C541A3 /* AlbumProvider.swift */; };
		BA78FE0726B2928200C541A3 /* UserPageRouter.swift in Sources */ = {isa = PBXBuildFile; fileRef = BA78FE0626B2928200C541A3 /* UserPageRouter.swift */; };
		BA80DA2326986E4300F184F6 /* View.swift in Sources */ = {isa = PBXBuildFile; fileRef = BA80DA2226986E4300F184F6 /* View.swift */; };
		BA81529026A29DF300335A66 /* BasicUserInfo.swift in Sources */ = {isa = PBXBuildFile; fileRef = BA81528F26A29DF300335A66 /* BasicUserInfo.swift */; };
		BA8284D426A4E038008B04C3 /* FBLogOut.swift in Sources */ = {isa = PBXBuildFile; fileRef = BA8284D326A4E038008B04C3 /* FBLogOut.swift */; };
		BA8284D626A54601008B04C3 /* CALayer.swift in Sources */ = {isa = PBXBuildFile; fileRef = BA8284D526A54601008B04C3 /* CALayer.swift */; };
		BA8284E726A5FD7E008B04C3 /* CustomSegment.swift in Sources */ = {isa = PBXBuildFile; fileRef = BA8284E626A5FD7E008B04C3 /* CustomSegment.swift */; };
		BA8284EE26A603FD008B04C3 /* ForgotThePasswordContracts.swift in Sources */ = {isa = PBXBuildFile; fileRef = BA8284E926A603FC008B04C3 /* ForgotThePasswordContracts.swift */; };
		BA8284EF26A603FD008B04C3 /* ForgotThePasswordBuilder.swift in Sources */ = {isa = PBXBuildFile; fileRef = BA8284EA26A603FC008B04C3 /* ForgotThePasswordBuilder.swift */; };
		BA8284F026A603FD008B04C3 /* ForgotThePasswordRouter.swift in Sources */ = {isa = PBXBuildFile; fileRef = BA8284EB26A603FC008B04C3 /* ForgotThePasswordRouter.swift */; };
		BA8284F126A603FD008B04C3 /* ForgotThePasswordViewModel.swift in Sources */ = {isa = PBXBuildFile; fileRef = BA8284EC26A603FD008B04C3 /* ForgotThePasswordViewModel.swift */; };
		BA8284F226A603FD008B04C3 /* ForgotThePasswordView.swift in Sources */ = {isa = PBXBuildFile; fileRef = BA8284ED26A603FD008B04C3 /* ForgotThePasswordView.swift */; };
		BA833860269EB7C400F73B07 /* CountryCodesContracts.swift in Sources */ = {isa = PBXBuildFile; fileRef = BA83385F269EB7C400F73B07 /* CountryCodesContracts.swift */; };
		BA833862269EB7D800F73B07 /* CountryCodesViewModel.swift in Sources */ = {isa = PBXBuildFile; fileRef = BA833861269EB7D800F73B07 /* CountryCodesViewModel.swift */; };
		BA833864269EB7E000F73B07 /* CountryCodesView.swift in Sources */ = {isa = PBXBuildFile; fileRef = BA833863269EB7E000F73B07 /* CountryCodesView.swift */; };
		BA833866269EB80000F73B07 /* CountryCodesBuilder.swift in Sources */ = {isa = PBXBuildFile; fileRef = BA833865269EB80000F73B07 /* CountryCodesBuilder.swift */; };
		BA882460269C518500F321F2 /* Cookie-Regular.ttf in Resources */ = {isa = PBXBuildFile; fileRef = BA88245F269C518500F321F2 /* Cookie-Regular.ttf */; };
		BA882462269C568100F321F2 /* CoreData.swift in Sources */ = {isa = PBXBuildFile; fileRef = BA882461269C568100F321F2 /* CoreData.swift */; };
		BA88355D269C32A900E7C638 /* FirstPageContracts.swift in Sources */ = {isa = PBXBuildFile; fileRef = BA88355C269C32A900E7C638 /* FirstPageContracts.swift */; };
		BA88355F269C33A500E7C638 /* GoogleService-Info.plist in Resources */ = {isa = PBXBuildFile; fileRef = BA88355E269C33A500E7C638 /* GoogleService-Info.plist */; };
		BA883561269C346A00E7C638 /* FirstPageView.swift in Sources */ = {isa = PBXBuildFile; fileRef = BA883560269C346A00E7C638 /* FirstPageView.swift */; };
		BA883563269C349700E7C638 /* FirstPageRouter.swift in Sources */ = {isa = PBXBuildFile; fileRef = BA883562269C349700E7C638 /* FirstPageRouter.swift */; };
		BA883569269C3CE000E7C638 /* FirstPageBuilder.swift in Sources */ = {isa = PBXBuildFile; fileRef = BA883568269C3CE000E7C638 /* FirstPageBuilder.swift */; };
		BA88356F269C405400E7C638 /* FirstPageViewModel.swift in Sources */ = {isa = PBXBuildFile; fileRef = BA88356E269C405400E7C638 /* FirstPageViewModel.swift */; };
		BA883571269C458B00E7C638 /* LogInBuilder.swift in Sources */ = {isa = PBXBuildFile; fileRef = BA883570269C458B00E7C638 /* LogInBuilder.swift */; };
		BA8864E326A43A38000B6AB4 /* Results.swift in Sources */ = {isa = PBXBuildFile; fileRef = BA8864E226A43A38000B6AB4 /* Results.swift */; };
		BA8864EA26A4D154000B6AB4 /* Animator.swift in Sources */ = {isa = PBXBuildFile; fileRef = BA8864E926A4D154000B6AB4 /* Animator.swift */; };
		BA89045826A1664A006433D2 /* FirebaseAuthenticationService.swift in Sources */ = {isa = PBXBuildFile; fileRef = BA89045726A1664A006433D2 /* FirebaseAuthenticationService.swift */; };
		BA89045A26A16B58006433D2 /* GeneralErrors.swift in Sources */ = {isa = PBXBuildFile; fileRef = BA89045926A16B58006433D2 /* GeneralErrors.swift */; };
		BA89045C26A176E9006433D2 /* PhoneNumber.swift in Sources */ = {isa = PBXBuildFile; fileRef = BA89045B26A176E9006433D2 /* PhoneNumber.swift */; };
		BA89048B26A20F4B006433D2 /* SignUpBirthdayPageRouter.swift in Sources */ = {isa = PBXBuildFile; fileRef = BA89048626A20F41006433D2 /* SignUpBirthdayPageRouter.swift */; };
		BA89048C26A20F4B006433D2 /* SignUpBirthdayPageBuilder.swift in Sources */ = {isa = PBXBuildFile; fileRef = BA89048726A20F44006433D2 /* SignUpBirthdayPageBuilder.swift */; };
		BA89048D26A20F4B006433D2 /* SignUpBirthdayContracts.swift in Sources */ = {isa = PBXBuildFile; fileRef = BA89048826A20F46006433D2 /* SignUpBirthdayContracts.swift */; };
		BA89048E26A20F4B006433D2 /* SignUpBirthdayPageView.swift in Sources */ = {isa = PBXBuildFile; fileRef = BA89048926A20F48006433D2 /* SignUpBirthdayPageView.swift */; };
		BA89048F26A20F4B006433D2 /* SignUpBirthdayPageViewModel.swift in Sources */ = {isa = PBXBuildFile; fileRef = BA89048A26A20F4B006433D2 /* SignUpBirthdayPageViewModel.swift */; };
		BA89049526A20F5C006433D2 /* SignUpPasswordContracts.swift in Sources */ = {isa = PBXBuildFile; fileRef = BA89049026A20F52006433D2 /* SignUpPasswordContracts.swift */; };
		BA89049626A20F5C006433D2 /* SignUpPasswordView.swift in Sources */ = {isa = PBXBuildFile; fileRef = BA89049126A20F55006433D2 /* SignUpPasswordView.swift */; };
		BA89049726A20F5C006433D2 /* SignUpPasswordRouter.swift in Sources */ = {isa = PBXBuildFile; fileRef = BA89049226A20F57006433D2 /* SignUpPasswordRouter.swift */; };
		BA89049826A20F5C006433D2 /* SignUpPasswordViewModel.swift in Sources */ = {isa = PBXBuildFile; fileRef = BA89049326A20F59006433D2 /* SignUpPasswordViewModel.swift */; };
		BA89049926A20F5C006433D2 /* SignUpPasswordBuilder.swift in Sources */ = {isa = PBXBuildFile; fileRef = BA89049426A20F5C006433D2 /* SignUpPasswordBuilder.swift */; };
		BA89049F26A20FFD006433D2 /* SignupUserNameViewModel.swift in Sources */ = {isa = PBXBuildFile; fileRef = BA89049A26A20FF4006433D2 /* SignupUserNameViewModel.swift */; };
		BA8904A026A20FFD006433D2 /* SignupUserNameContracts.swift in Sources */ = {isa = PBXBuildFile; fileRef = BA89049B26A20FF6006433D2 /* SignupUserNameContracts.swift */; };
		BA8904A126A20FFD006433D2 /* SignupUserNameRouter.swift in Sources */ = {isa = PBXBuildFile; fileRef = BA89049C26A20FF9006433D2 /* SignupUserNameRouter.swift */; };
		BA8904A226A20FFD006433D2 /* SignupUserNameBuilder.swift in Sources */ = {isa = PBXBuildFile; fileRef = BA89049D26A20FFB006433D2 /* SignupUserNameBuilder.swift */; };
		BA8904A326A20FFD006433D2 /* SignupUserNameView.swift in Sources */ = {isa = PBXBuildFile; fileRef = BA89049E26A20FFD006433D2 /* SignupUserNameView.swift */; };
		BA8904A526A21013006433D2 /* PasswordFieldWithEye.swift in Sources */ = {isa = PBXBuildFile; fileRef = BA8904A426A21013006433D2 /* PasswordFieldWithEye.swift */; };
		BA8904A726A2105E006433D2 /* Date.swift in Sources */ = {isa = PBXBuildFile; fileRef = BA8904A626A2105E006433D2 /* Date.swift */; };
		BA8904A926A2109A006433D2 /* AddAnySimpleCaution.swift in Sources */ = {isa = PBXBuildFile; fileRef = BA8904A826A2109A006433D2 /* AddAnySimpleCaution.swift */; };
		BA8904AB26A21293006433D2 /* UIViewController.swift in Sources */ = {isa = PBXBuildFile; fileRef = BA8904AA26A21293006433D2 /* UIViewController.swift */; };
		BAA79D8A269F09F10019BF77 /* CountryCodeCell.xib in Resources */ = {isa = PBXBuildFile; fileRef = BAA79D88269F09EF0019BF77 /* CountryCodeCell.xib */; };
		BAA79D8B269F09F10019BF77 /* CountryCodeCell.swift in Sources */ = {isa = PBXBuildFile; fileRef = BAA79D89269F09F10019BF77 /* CountryCodeCell.swift */; };
		BAA79D8D269F0A0F0019BF77 /* CountryPresentation.swift in Sources */ = {isa = PBXBuildFile; fileRef = BAA79D8C269F0A0F0019BF77 /* CountryPresentation.swift */; };
		BAA79D8F269F123C0019BF77 /* Singleton.swift in Sources */ = {isa = PBXBuildFile; fileRef = BAA79D8E269F123C0019BF77 /* Singleton.swift */; };
		BAAA0D6B26A8A51B00E46337 /* ConntactPresentation.swift in Sources */ = {isa = PBXBuildFile; fileRef = BAAA0D6426A8A51B00E46337 /* ConntactPresentation.swift */; };
		BAAA0D6C26A8A51B00E46337 /* ContactsViewModel.swift in Sources */ = {isa = PBXBuildFile; fileRef = BAAA0D6526A8A51B00E46337 /* ContactsViewModel.swift */; };
		BAAA0D6D26A8A51B00E46337 /* Contacts.swift in Sources */ = {isa = PBXBuildFile; fileRef = BAAA0D6626A8A51B00E46337 /* Contacts.swift */; };
		BAAA0D6E26A8A51B00E46337 /* ContactsContracts.swift in Sources */ = {isa = PBXBuildFile; fileRef = BAAA0D6726A8A51B00E46337 /* ContactsContracts.swift */; };
		BAAA0D6F26A8A51B00E46337 /* ContactsRouter.swift in Sources */ = {isa = PBXBuildFile; fileRef = BAAA0D6826A8A51B00E46337 /* ContactsRouter.swift */; };
		BAAA0D7026A8A51B00E46337 /* ContactsView.swift in Sources */ = {isa = PBXBuildFile; fileRef = BAAA0D6926A8A51B00E46337 /* ContactsView.swift */; };
		BAAA0D7126A8A51B00E46337 /* ContactsBuilder.swift in Sources */ = {isa = PBXBuildFile; fileRef = BAAA0D6A26A8A51B00E46337 /* ContactsBuilder.swift */; };
		BAAA0D7526A8A8CA00E46337 /* FirebaseUserServices.swift in Sources */ = {isa = PBXBuildFile; fileRef = BAAA0D7426A8A8CA00E46337 /* FirebaseUserServices.swift */; };
		BAD9EC2226984B7B00278905 /* LoginContracts.swift in Sources */ = {isa = PBXBuildFile; fileRef = BAD9EC2126984B7B00278905 /* LoginContracts.swift */; };
		BAD9EC2526984B8C00278905 /* LoginViewModel.swift in Sources */ = {isa = PBXBuildFile; fileRef = BAD9EC2426984B8C00278905 /* LoginViewModel.swift */; };
		BAD9EC2926984BA300278905 /* LoginView.swift in Sources */ = {isa = PBXBuildFile; fileRef = BAD9EC2826984BA300278905 /* LoginView.swift */; };
		BAD9EC2B26984BB300278905 /* LoginRouter.swift in Sources */ = {isa = PBXBuildFile; fileRef = BAD9EC2A26984BB300278905 /* LoginRouter.swift */; };
		BAD9EC3826985B5200278905 /* AppContainer.swift in Sources */ = {isa = PBXBuildFile; fileRef = BAD9EC3726985B5200278905 /* AppContainer.swift */; };
		BAD9EC3A26985B5F00278905 /* AppRouter.swift in Sources */ = {isa = PBXBuildFile; fileRef = BAD9EC3926985B5F00278905 /* AppRouter.swift */; };
/* End PBXBuildFile section */

/* Begin PBXContainerItemProxy section */
		BA2B995526978B34009E05D5 /* PBXContainerItemProxy */ = {
			isa = PBXContainerItemProxy;
			containerPortal = BA2B993326978B33009E05D5 /* Project object */;
			proxyType = 1;
			remoteGlobalIDString = BA2B993A26978B33009E05D5;
			remoteInfo = InstaMFD;
		};
/* End PBXContainerItemProxy section */

/* Begin PBXCopyFilesBuildPhase section */
		BAF47D1E2697949B00D88811 /* Embed Frameworks */ = {
			isa = PBXCopyFilesBuildPhase;
			buildActionMask = 2147483647;
			dstPath = "";
			dstSubfolderSpec = 10;
			files = (
			);
			name = "Embed Frameworks";
			runOnlyForDeploymentPostprocessing = 0;
		};
/* End PBXCopyFilesBuildPhase section */

/* Begin PBXFileReference section */
		35F6B6E73F00BAAE8C0A8090 /* Pods-InstaMFD.debug.xcconfig */ = {isa = PBXFileReference; includeInIndex = 1; lastKnownFileType = text.xcconfig; name = "Pods-InstaMFD.debug.xcconfig"; path = "Target Support Files/Pods-InstaMFD/Pods-InstaMFD.debug.xcconfig"; sourceTree = "<group>"; };
		3A9DB76BE046253ADAA634C1 /* Pods-InstaMFDTests.release.xcconfig */ = {isa = PBXFileReference; includeInIndex = 1; lastKnownFileType = text.xcconfig; name = "Pods-InstaMFDTests.release.xcconfig"; path = "Target Support Files/Pods-InstaMFDTests/Pods-InstaMFDTests.release.xcconfig"; sourceTree = "<group>"; };
		75C9ABBABB26A96EB47B33D2 /* Pods-InstaMFD.release.xcconfig */ = {isa = PBXFileReference; includeInIndex = 1; lastKnownFileType = text.xcconfig; name = "Pods-InstaMFD.release.xcconfig"; path = "Target Support Files/Pods-InstaMFD/Pods-InstaMFD.release.xcconfig"; sourceTree = "<group>"; };
		7DE042465639F931BDF226C7 /* Pods_InstaMFDTests.framework */ = {isa = PBXFileReference; explicitFileType = wrapper.framework; includeInIndex = 0; path = Pods_InstaMFDTests.framework; sourceTree = BUILT_PRODUCTS_DIR; };
		A42F4AC8BBE249B9B5F14DD0 /* Pods_InstaMFD.framework */ = {isa = PBXFileReference; explicitFileType = wrapper.framework; includeInIndex = 0; path = Pods_InstaMFD.framework; sourceTree = BUILT_PRODUCTS_DIR; };
		BA2B993B26978B33009E05D5 /* InstaMFD.app */ = {isa = PBXFileReference; explicitFileType = wrapper.application; includeInIndex = 0; path = InstaMFD.app; sourceTree = BUILT_PRODUCTS_DIR; };
		BA2B993E26978B33009E05D5 /* AppDelegate.swift */ = {isa = PBXFileReference; lastKnownFileType = sourcecode.swift; path = AppDelegate.swift; sourceTree = "<group>"; };
		BA2B994026978B33009E05D5 /* SceneDelegate.swift */ = {isa = PBXFileReference; lastKnownFileType = sourcecode.swift; path = SceneDelegate.swift; sourceTree = "<group>"; };
		BA2B994826978B33009E05D5 /* InstaMFD.xcdatamodel */ = {isa = PBXFileReference; lastKnownFileType = wrapper.xcdatamodel; path = InstaMFD.xcdatamodel; sourceTree = "<group>"; };
		BA2B994A26978B34009E05D5 /* Assets.xcassets */ = {isa = PBXFileReference; lastKnownFileType = folder.assetcatalog; path = Assets.xcassets; sourceTree = "<group>"; };
		BA2B994D26978B34009E05D5 /* Base */ = {isa = PBXFileReference; lastKnownFileType = file.storyboard; name = Base; path = Base.lproj/LaunchScreen.storyboard; sourceTree = "<group>"; };
		BA2B994F26978B34009E05D5 /* Info.plist */ = {isa = PBXFileReference; lastKnownFileType = text.plist.xml; path = Info.plist; sourceTree = "<group>"; };
		BA2B995426978B34009E05D5 /* InstaMFDTests.xctest */ = {isa = PBXFileReference; explicitFileType = wrapper.cfbundle; includeInIndex = 0; path = InstaMFDTests.xctest; sourceTree = BUILT_PRODUCTS_DIR; };
		BA2B995826978B34009E05D5 /* InstaMFDLoginTests.swift */ = {isa = PBXFileReference; lastKnownFileType = sourcecode.swift; path = InstaMFDLoginTests.swift; sourceTree = "<group>"; };
		BA2B995A26978B34009E05D5 /* Info.plist */ = {isa = PBXFileReference; lastKnownFileType = text.plist.xml; path = Info.plist; sourceTree = "<group>"; };
		BA70FDF126A2C6B500A6BA8E /* Cons.swift */ = {isa = PBXFileReference; lastKnownFileType = sourcecode.swift; path = Cons.swift; sourceTree = "<group>"; };
		BA7408BA269CC31800E3BC20 /* SignUpMethodContracts.swift */ = {isa = PBXFileReference; lastKnownFileType = sourcecode.swift; path = SignUpMethodContracts.swift; sourceTree = "<group>"; };
		BA7408BC269CC33300E3BC20 /* SignUpMethodBuilder.swift */ = {isa = PBXFileReference; lastKnownFileType = sourcecode.swift; path = SignUpMethodBuilder.swift; sourceTree = "<group>"; };
		BA7408BE269CC33A00E3BC20 /* SignUpMethodView.swift */ = {isa = PBXFileReference; lastKnownFileType = sourcecode.swift; path = SignUpMethodView.swift; sourceTree = "<group>"; };
		BA7408C0269CC34900E3BC20 /* SignUpMethodViewModel.swift */ = {isa = PBXFileReference; lastKnownFileType = sourcecode.swift; path = SignUpMethodViewModel.swift; sourceTree = "<group>"; };
		BA7408C2269CC35100E3BC20 /* SignUpMethodRouter.swift */ = {isa = PBXFileReference; lastKnownFileType = sourcecode.swift; path = SignUpMethodRouter.swift; sourceTree = "<group>"; };
		BA740914269D9F4B00E3BC20 /* Bundle.swift */ = {isa = PBXFileReference; lastKnownFileType = sourcecode.swift; path = Bundle.swift; sourceTree = "<group>"; };
		BA740916269D9F6900E3BC20 /* TextField.swift */ = {isa = PBXFileReference; lastKnownFileType = sourcecode.swift; path = TextField.swift; sourceTree = "<group>"; };
		BA740918269D9F9D00E3BC20 /* CountryCode.swift */ = {isa = PBXFileReference; lastKnownFileType = sourcecode.swift; path = CountryCode.swift; sourceTree = "<group>"; };
		BA74091A269D9FCA00E3BC20 /* CountryCodeResponder.swift */ = {isa = PBXFileReference; lastKnownFileType = sourcecode.swift; path = CountryCodeResponder.swift; sourceTree = "<group>"; };
		BA74091C269D9FF400E3BC20 /* DecoderErrors.swift */ = {isa = PBXFileReference; lastKnownFileType = sourcecode.swift; path = DecoderErrors.swift; sourceTree = "<group>"; };
		BA74091E269DA00E00E3BC20 /* CountryCodesService.swift */ = {isa = PBXFileReference; lastKnownFileType = sourcecode.swift; path = CountryCodesService.swift; sourceTree = "<group>"; };
		BA740920269DA03900E3BC20 /* countryPhoneCodes.json */ = {isa = PBXFileReference; lastKnownFileType = text.json; path = countryPhoneCodes.json; sourceTree = "<group>"; };
		BA740922269DA21000E3BC20 /* SignUpMethodModel.swift */ = {isa = PBXFileReference; lastKnownFileType = sourcecode.swift; path = SignUpMethodModel.swift; sourceTree = "<group>"; };
		BA74496326BBDCD0009D4E40 /* AddImageDBRouter.swift */ = {isa = PBXFileReference; fileEncoding = 4; lastKnownFileType = sourcecode.swift; path = AddImageDBRouter.swift; sourceTree = "<group>"; };
		BA74496426BBDCD0009D4E40 /* AddImageDBViewModel.swift */ = {isa = PBXFileReference; fileEncoding = 4; lastKnownFileType = sourcecode.swift; path = AddImageDBViewModel.swift; sourceTree = "<group>"; };
		BA74496526BBDCD0009D4E40 /* AddImageDBBuilder.swift */ = {isa = PBXFileReference; fileEncoding = 4; lastKnownFileType = sourcecode.swift; path = AddImageDBBuilder.swift; sourceTree = "<group>"; };
		BA74496726BBDCD0009D4E40 /* AddImageTopCell.swift */ = {isa = PBXFileReference; fileEncoding = 4; lastKnownFileType = sourcecode.swift; path = AddImageTopCell.swift; sourceTree = "<group>"; };
		BA74496826BBDCD0009D4E40 /* AddImageDBView.swift */ = {isa = PBXFileReference; fileEncoding = 4; lastKnownFileType = sourcecode.swift; path = AddImageDBView.swift; sourceTree = "<group>"; };
		BA74496926BBDCD0009D4E40 /* AddImageDBContracts.swift */ = {isa = PBXFileReference; fileEncoding = 4; lastKnownFileType = sourcecode.swift; path = AddImageDBContracts.swift; sourceTree = "<group>"; };
		BA74497126BBE10B009D4E40 /* FilteredImageContainer.swift */ = {isa = PBXFileReference; lastKnownFileType = sourcecode.swift; path = FilteredImageContainer.swift; sourceTree = "<group>"; };
		BA746F8526AED23E005423CC /* PhotoPicker.swift */ = {isa = PBXFileReference; lastKnownFileType = sourcecode.swift; path = PhotoPicker.swift; sourceTree = "<group>"; };
		BA746F8726AF3563005423CC /* PhotoDownloader.swift */ = {isa = PBXFileReference; lastKnownFileType = sourcecode.swift; path = PhotoDownloader.swift; sourceTree = "<group>"; };
		BA7521DB26AEAA7A00352D1F /* UserPageBuilder.swift */ = {isa = PBXFileReference; fileEncoding = 4; lastKnownFileType = sourcecode.swift; path = UserPageBuilder.swift; sourceTree = "<group>"; };
		BA7521DC26AEAA7A00352D1F /* UserPageView.swift */ = {isa = PBXFileReference; fileEncoding = 4; lastKnownFileType = sourcecode.swift; path = UserPageView.swift; sourceTree = "<group>"; };
		BA7521DD26AEAA7B00352D1F /* UserPageCollectionViewLayout.swift */ = {isa = PBXFileReference; fileEncoding = 4; lastKnownFileType = sourcecode.swift; path = UserPageCollectionViewLayout.swift; sourceTree = "<group>"; };
		BA7521DE26AEAA7B00352D1F /* PhotoHeaderReusableView.swift */ = {isa = PBXFileReference; fileEncoding = 4; lastKnownFileType = sourcecode.swift; path = PhotoHeaderReusableView.swift; sourceTree = "<group>"; };
		BA7521DF26AEAA7B00352D1F /* UserPageContracts.swift */ = {isa = PBXFileReference; fileEncoding = 4; lastKnownFileType = sourcecode.swift; path = UserPageContracts.swift; sourceTree = "<group>"; };
		BA7521E026AEAA7B00352D1F /* UserCell.swift */ = {isa = PBXFileReference; fileEncoding = 4; lastKnownFileType = sourcecode.swift; path = UserCell.swift; sourceTree = "<group>"; };
		BA7521E126AEAA7B00352D1F /* UserPageViewModel.swift */ = {isa = PBXFileReference; fileEncoding = 4; lastKnownFileType = sourcecode.swift; path = UserPageViewModel.swift; sourceTree = "<group>"; };
		BA7521E226AEAA7B00352D1F /* PhotoCell.swift */ = {isa = PBXFileReference; fileEncoding = 4; lastKnownFileType = sourcecode.swift; path = PhotoCell.swift; sourceTree = "<group>"; };
		BA7521E326AEAA7B00352D1F /* StoryCell.swift */ = {isa = PBXFileReference; fileEncoding = 4; lastKnownFileType = sourcecode.swift; path = StoryCell.swift; sourceTree = "<group>"; };
		BA7521FB26AEB98B00352D1F /* AddProfilePhotoBuilder.swift */ = {isa = PBXFileReference; fileEncoding = 4; lastKnownFileType = sourcecode.swift; path = AddProfilePhotoBuilder.swift; sourceTree = "<group>"; };
		BA7521FC26AEB98C00352D1F /* AddProfilePhotoViewContracts.swift */ = {isa = PBXFileReference; fileEncoding = 4; lastKnownFileType = sourcecode.swift; path = AddProfilePhotoViewContracts.swift; sourceTree = "<group>"; };
		BA7521FD26AEB98C00352D1F /* AddProfilePhotoViewModel.swift */ = {isa = PBXFileReference; fileEncoding = 4; lastKnownFileType = sourcecode.swift; path = AddProfilePhotoViewModel.swift; sourceTree = "<group>"; };
		BA7521FE26AEB98C00352D1F /* AddProfilePhotoRouter.swift */ = {isa = PBXFileReference; fileEncoding = 4; lastKnownFileType = sourcecode.swift; path = AddProfilePhotoRouter.swift; sourceTree = "<group>"; };
		BA7521FF26AEB98C00352D1F /* AddProfilePhotoView.swift */ = {isa = PBXFileReference; fileEncoding = 4; lastKnownFileType = sourcecode.swift; path = AddProfilePhotoView.swift; sourceTree = "<group>"; };
		BA7522DF269E091B008F2251 /* InstaMFDSignUpTests.swift */ = {isa = PBXFileReference; lastKnownFileType = sourcecode.swift; path = InstaMFDSignUpTests.swift; sourceTree = "<group>"; };
		BA76409626BAF76F00FA77F1 /* Photo.swift */ = {isa = PBXFileReference; lastKnownFileType = sourcecode.swift; path = Photo.swift; sourceTree = "<group>"; };
		BA76409826BAF7D400FA77F1 /* FileFromType.swift */ = {isa = PBXFileReference; lastKnownFileType = sourcecode.swift; path = FileFromType.swift; sourceTree = "<group>"; };
		BA76409A26BAF82A00FA77F1 /* AlbumFile.swift */ = {isa = PBXFileReference; lastKnownFileType = sourcecode.swift; path = AlbumFile.swift; sourceTree = "<group>"; };
		BA76409C26BAF87B00FA77F1 /* AlbumCollection.swift */ = {isa = PBXFileReference; lastKnownFileType = sourcecode.swift; path = AlbumCollection.swift; sourceTree = "<group>"; };
		BA76409E26BAF8B500FA77F1 /* AlbumConstant.swift */ = {isa = PBXFileReference; lastKnownFileType = sourcecode.swift; path = AlbumConstant.swift; sourceTree = "<group>"; };
		BA7640A026BAF91200FA77F1 /* Debug.swift */ = {isa = PBXFileReference; lastKnownFileType = sourcecode.swift; path = Debug.swift; sourceTree = "<group>"; };
		BA76EB7C26B2A8C1009DF421 /* UserDataItems.swift */ = {isa = PBXFileReference; lastKnownFileType = sourcecode.swift; path = UserDataItems.swift; sourceTree = "<group>"; };
		BA76EB7F26B2A921009DF421 /* UserPageSection.swift */ = {isa = PBXFileReference; lastKnownFileType = sourcecode.swift; path = UserPageSection.swift; sourceTree = "<group>"; };
		BA76EB8226B2ACBF009DF421 /* NewPostCollectionViewSection.swift */ = {isa = PBXFileReference; lastKnownFileType = sourcecode.swift; path = NewPostCollectionViewSection.swift; sourceTree = "<group>"; };
		BA782C8626B4036300FF5B2D /* FilterPostView.swift */ = {isa = PBXFileReference; fileEncoding = 4; lastKnownFileType = sourcecode.swift; path = FilterPostView.swift; sourceTree = "<group>"; };
		BA782C8726B4036400FF5B2D /* FilterPostRouter.swift */ = {isa = PBXFileReference; fileEncoding = 4; lastKnownFileType = sourcecode.swift; path = FilterPostRouter.swift; sourceTree = "<group>"; };
		BA782C8826B4036400FF5B2D /* FilterPostViewModel.swift */ = {isa = PBXFileReference; fileEncoding = 4; lastKnownFileType = sourcecode.swift; path = FilterPostViewModel.swift; sourceTree = "<group>"; };
		BA782C8926B4036400FF5B2D /* FilterPostContracts.swift */ = {isa = PBXFileReference; fileEncoding = 4; lastKnownFileType = sourcecode.swift; path = FilterPostContracts.swift; sourceTree = "<group>"; };
		BA782C8A26B4036400FF5B2D /* PhotoFilter.swift */ = {isa = PBXFileReference; fileEncoding = 4; lastKnownFileType = sourcecode.swift; path = PhotoFilter.swift; sourceTree = "<group>"; };
		BA782C8B26B4036400FF5B2D /* FilterPostBuilder.swift */ = {isa = PBXFileReference; fileEncoding = 4; lastKnownFileType = sourcecode.swift; path = FilterPostBuilder.swift; sourceTree = "<group>"; };
		BA78364A26B9255800D4DA28 /* ContactedUserContract.swift */ = {isa = PBXFileReference; lastKnownFileType = sourcecode.swift; path = ContactedUserContract.swift; sourceTree = "<group>"; };
		BA78364C26B9256500D4DA28 /* ContactedUserViewModel.swift */ = {isa = PBXFileReference; lastKnownFileType = sourcecode.swift; path = ContactedUserViewModel.swift; sourceTree = "<group>"; };
		BA78364E26B9256E00D4DA28 /* ContactedUserView.swift */ = {isa = PBXFileReference; lastKnownFileType = sourcecode.swift; path = ContactedUserView.swift; sourceTree = "<group>"; };
		BA78365026B9257B00D4DA28 /* ContactedUserBuilder.swift */ = {isa = PBXFileReference; lastKnownFileType = sourcecode.swift; path = ContactedUserBuilder.swift; sourceTree = "<group>"; };
		BA78365326B9286D00D4DA28 /* ContactedUserCell.swift */ = {isa = PBXFileReference; lastKnownFileType = sourcecode.swift; path = ContactedUserCell.swift; sourceTree = "<group>"; };
		BA78365526B93E9700D4DA28 /* ContactedUserPresenatation.swift */ = {isa = PBXFileReference; lastKnownFileType = sourcecode.swift; path = ContactedUserPresenatation.swift; sourceTree = "<group>"; };
		BA78FDE726B2914100C541A3 /* NewPostViewModel.swift */ = {isa = PBXFileReference; fileEncoding = 4; lastKnownFileType = sourcecode.swift; path = NewPostViewModel.swift; sourceTree = "<group>"; };
		BA78FDE826B2914100C541A3 /* NewPostBuilder.swift */ = {isa = PBXFileReference; fileEncoding = 4; lastKnownFileType = sourcecode.swift; path = NewPostBuilder.swift; sourceTree = "<group>"; };
		BA78FDEA26B2914100C541A3 /* NewPostCell.swift */ = {isa = PBXFileReference; fileEncoding = 4; lastKnownFileType = sourcecode.swift; path = NewPostCell.swift; sourceTree = "<group>"; };
		BA78FDEB26B2914100C541A3 /* ImageContainer.swift */ = {isa = PBXFileReference; fileEncoding = 4; lastKnownFileType = sourcecode.swift; path = ImageContainer.swift; sourceTree = "<group>"; };
		BA78FDEC26B2914100C541A3 /* NewPostRouter.swift */ = {isa = PBXFileReference; fileEncoding = 4; lastKnownFileType = sourcecode.swift; path = NewPostRouter.swift; sourceTree = "<group>"; };
		BA78FDED26B2914100C541A3 /* Album Presentation.swift */ = {isa = PBXFileReference; fileEncoding = 4; lastKnownFileType = sourcecode.swift; path = "Album Presentation.swift"; sourceTree = "<group>"; };
		BA78FDEE26B2914100C541A3 /* NewPostView.swift */ = {isa = PBXFileReference; fileEncoding = 4; lastKnownFileType = sourcecode.swift; path = NewPostView.swift; sourceTree = "<group>"; };
		BA78FDEF26B2914100C541A3 /* NewPostContracts.swift */ = {isa = PBXFileReference; fileEncoding = 4; lastKnownFileType = sourcecode.swift; path = NewPostContracts.swift; sourceTree = "<group>"; };
		BA78FDF126B2914100C541A3 /* SelectAlbumViewModel.swift */ = {isa = PBXFileReference; fileEncoding = 4; lastKnownFileType = sourcecode.swift; path = SelectAlbumViewModel.swift; sourceTree = "<group>"; };
		BA78FDF226B2914100C541A3 /* SelectAlbumBuilder.swift */ = {isa = PBXFileReference; fileEncoding = 4; lastKnownFileType = sourcecode.swift; path = SelectAlbumBuilder.swift; sourceTree = "<group>"; };
		BA78FDF426B2914100C541A3 /* SelectAlbumView.swift */ = {isa = PBXFileReference; fileEncoding = 4; lastKnownFileType = sourcecode.swift; path = SelectAlbumView.swift; sourceTree = "<group>"; };
		BA78FDF526B2914100C541A3 /* SelectAlbumContracts.swift */ = {isa = PBXFileReference; fileEncoding = 4; lastKnownFileType = sourcecode.swift; path = SelectAlbumContracts.swift; sourceTree = "<group>"; };
		BA78FDF626B2914100C541A3 /* AlbumProvider.swift */ = {isa = PBXFileReference; fileEncoding = 4; lastKnownFileType = sourcecode.swift; path = AlbumProvider.swift; sourceTree = "<group>"; };
		BA78FE0626B2928200C541A3 /* UserPageRouter.swift */ = {isa = PBXFileReference; lastKnownFileType = sourcecode.swift; path = UserPageRouter.swift; sourceTree = "<group>"; };
		BA80DA2226986E4300F184F6 /* View.swift */ = {isa = PBXFileReference; lastKnownFileType = sourcecode.swift; path = View.swift; sourceTree = "<group>"; };
		BA81528F26A29DF300335A66 /* BasicUserInfo.swift */ = {isa = PBXFileReference; lastKnownFileType = sourcecode.swift; path = BasicUserInfo.swift; sourceTree = "<group>"; };
		BA8284D326A4E038008B04C3 /* FBLogOut.swift */ = {isa = PBXFileReference; lastKnownFileType = sourcecode.swift; path = FBLogOut.swift; sourceTree = "<group>"; };
		BA8284D526A54601008B04C3 /* CALayer.swift */ = {isa = PBXFileReference; lastKnownFileType = sourcecode.swift; path = CALayer.swift; sourceTree = "<group>"; };
		BA8284E626A5FD7E008B04C3 /* CustomSegment.swift */ = {isa = PBXFileReference; fileEncoding = 4; lastKnownFileType = sourcecode.swift; path = CustomSegment.swift; sourceTree = "<group>"; };
		BA8284E926A603FC008B04C3 /* ForgotThePasswordContracts.swift */ = {isa = PBXFileReference; fileEncoding = 4; lastKnownFileType = sourcecode.swift; path = ForgotThePasswordContracts.swift; sourceTree = "<group>"; };
		BA8284EA26A603FC008B04C3 /* ForgotThePasswordBuilder.swift */ = {isa = PBXFileReference; fileEncoding = 4; lastKnownFileType = sourcecode.swift; path = ForgotThePasswordBuilder.swift; sourceTree = "<group>"; };
		BA8284EB26A603FC008B04C3 /* ForgotThePasswordRouter.swift */ = {isa = PBXFileReference; fileEncoding = 4; lastKnownFileType = sourcecode.swift; path = ForgotThePasswordRouter.swift; sourceTree = "<group>"; };
		BA8284EC26A603FD008B04C3 /* ForgotThePasswordViewModel.swift */ = {isa = PBXFileReference; fileEncoding = 4; lastKnownFileType = sourcecode.swift; path = ForgotThePasswordViewModel.swift; sourceTree = "<group>"; };
		BA8284ED26A603FD008B04C3 /* ForgotThePasswordView.swift */ = {isa = PBXFileReference; fileEncoding = 4; lastKnownFileType = sourcecode.swift; path = ForgotThePasswordView.swift; sourceTree = "<group>"; };
		BA83385F269EB7C400F73B07 /* CountryCodesContracts.swift */ = {isa = PBXFileReference; lastKnownFileType = sourcecode.swift; path = CountryCodesContracts.swift; sourceTree = "<group>"; };
		BA833861269EB7D800F73B07 /* CountryCodesViewModel.swift */ = {isa = PBXFileReference; lastKnownFileType = sourcecode.swift; path = CountryCodesViewModel.swift; sourceTree = "<group>"; };
		BA833863269EB7E000F73B07 /* CountryCodesView.swift */ = {isa = PBXFileReference; lastKnownFileType = sourcecode.swift; path = CountryCodesView.swift; sourceTree = "<group>"; };
		BA833865269EB80000F73B07 /* CountryCodesBuilder.swift */ = {isa = PBXFileReference; lastKnownFileType = sourcecode.swift; path = CountryCodesBuilder.swift; sourceTree = "<group>"; };
		BA88245F269C518500F321F2 /* Cookie-Regular.ttf */ = {isa = PBXFileReference; lastKnownFileType = file; path = "Cookie-Regular.ttf"; sourceTree = "<group>"; };
		BA882461269C568100F321F2 /* CoreData.swift */ = {isa = PBXFileReference; lastKnownFileType = sourcecode.swift; path = CoreData.swift; sourceTree = "<group>"; };
		BA88355C269C32A900E7C638 /* FirstPageContracts.swift */ = {isa = PBXFileReference; lastKnownFileType = sourcecode.swift; path = FirstPageContracts.swift; sourceTree = "<group>"; };
		BA88355E269C33A500E7C638 /* GoogleService-Info.plist */ = {isa = PBXFileReference; lastKnownFileType = text.plist; path = "GoogleService-Info.plist"; sourceTree = SOURCE_ROOT; };
		BA883560269C346A00E7C638 /* FirstPageView.swift */ = {isa = PBXFileReference; lastKnownFileType = sourcecode.swift; path = FirstPageView.swift; sourceTree = "<group>"; };
		BA883562269C349700E7C638 /* FirstPageRouter.swift */ = {isa = PBXFileReference; lastKnownFileType = sourcecode.swift; path = FirstPageRouter.swift; sourceTree = "<group>"; };
		BA883568269C3CE000E7C638 /* FirstPageBuilder.swift */ = {isa = PBXFileReference; lastKnownFileType = sourcecode.swift; path = FirstPageBuilder.swift; sourceTree = "<group>"; };
		BA88356E269C405400E7C638 /* FirstPageViewModel.swift */ = {isa = PBXFileReference; lastKnownFileType = sourcecode.swift; path = FirstPageViewModel.swift; sourceTree = "<group>"; };
		BA883570269C458B00E7C638 /* LogInBuilder.swift */ = {isa = PBXFileReference; lastKnownFileType = sourcecode.swift; path = LogInBuilder.swift; sourceTree = "<group>"; };
		BA8864E226A43A38000B6AB4 /* Results.swift */ = {isa = PBXFileReference; lastKnownFileType = sourcecode.swift; path = Results.swift; sourceTree = "<group>"; };
		BA8864E926A4D154000B6AB4 /* Animator.swift */ = {isa = PBXFileReference; fileEncoding = 4; lastKnownFileType = sourcecode.swift; path = Animator.swift; sourceTree = "<group>"; };
		BA89045726A1664A006433D2 /* FirebaseAuthenticationService.swift */ = {isa = PBXFileReference; lastKnownFileType = sourcecode.swift; path = FirebaseAuthenticationService.swift; sourceTree = "<group>"; };
		BA89045926A16B58006433D2 /* GeneralErrors.swift */ = {isa = PBXFileReference; lastKnownFileType = sourcecode.swift; path = GeneralErrors.swift; sourceTree = "<group>"; };
		BA89045B26A176E9006433D2 /* PhoneNumber.swift */ = {isa = PBXFileReference; lastKnownFileType = sourcecode.swift; path = PhoneNumber.swift; sourceTree = "<group>"; };
		BA89048626A20F41006433D2 /* SignUpBirthdayPageRouter.swift */ = {isa = PBXFileReference; fileEncoding = 4; lastKnownFileType = sourcecode.swift; path = SignUpBirthdayPageRouter.swift; sourceTree = "<group>"; };
		BA89048726A20F44006433D2 /* SignUpBirthdayPageBuilder.swift */ = {isa = PBXFileReference; fileEncoding = 4; lastKnownFileType = sourcecode.swift; path = SignUpBirthdayPageBuilder.swift; sourceTree = "<group>"; };
		BA89048826A20F46006433D2 /* SignUpBirthdayContracts.swift */ = {isa = PBXFileReference; fileEncoding = 4; lastKnownFileType = sourcecode.swift; path = SignUpBirthdayContracts.swift; sourceTree = "<group>"; };
		BA89048926A20F48006433D2 /* SignUpBirthdayPageView.swift */ = {isa = PBXFileReference; fileEncoding = 4; lastKnownFileType = sourcecode.swift; path = SignUpBirthdayPageView.swift; sourceTree = "<group>"; };
		BA89048A26A20F4B006433D2 /* SignUpBirthdayPageViewModel.swift */ = {isa = PBXFileReference; fileEncoding = 4; lastKnownFileType = sourcecode.swift; path = SignUpBirthdayPageViewModel.swift; sourceTree = "<group>"; };
		BA89049026A20F52006433D2 /* SignUpPasswordContracts.swift */ = {isa = PBXFileReference; fileEncoding = 4; lastKnownFileType = sourcecode.swift; path = SignUpPasswordContracts.swift; sourceTree = "<group>"; };
		BA89049126A20F55006433D2 /* SignUpPasswordView.swift */ = {isa = PBXFileReference; fileEncoding = 4; lastKnownFileType = sourcecode.swift; path = SignUpPasswordView.swift; sourceTree = "<group>"; };
		BA89049226A20F57006433D2 /* SignUpPasswordRouter.swift */ = {isa = PBXFileReference; fileEncoding = 4; lastKnownFileType = sourcecode.swift; path = SignUpPasswordRouter.swift; sourceTree = "<group>"; };
		BA89049326A20F59006433D2 /* SignUpPasswordViewModel.swift */ = {isa = PBXFileReference; fileEncoding = 4; lastKnownFileType = sourcecode.swift; path = SignUpPasswordViewModel.swift; sourceTree = "<group>"; };
		BA89049426A20F5C006433D2 /* SignUpPasswordBuilder.swift */ = {isa = PBXFileReference; fileEncoding = 4; lastKnownFileType = sourcecode.swift; path = SignUpPasswordBuilder.swift; sourceTree = "<group>"; };
		BA89049A26A20FF4006433D2 /* SignupUserNameViewModel.swift */ = {isa = PBXFileReference; fileEncoding = 4; lastKnownFileType = sourcecode.swift; path = SignupUserNameViewModel.swift; sourceTree = "<group>"; };
		BA89049B26A20FF6006433D2 /* SignupUserNameContracts.swift */ = {isa = PBXFileReference; fileEncoding = 4; lastKnownFileType = sourcecode.swift; path = SignupUserNameContracts.swift; sourceTree = "<group>"; };
		BA89049C26A20FF9006433D2 /* SignupUserNameRouter.swift */ = {isa = PBXFileReference; fileEncoding = 4; lastKnownFileType = sourcecode.swift; path = SignupUserNameRouter.swift; sourceTree = "<group>"; };
		BA89049D26A20FFB006433D2 /* SignupUserNameBuilder.swift */ = {isa = PBXFileReference; fileEncoding = 4; lastKnownFileType = sourcecode.swift; path = SignupUserNameBuilder.swift; sourceTree = "<group>"; };
		BA89049E26A20FFD006433D2 /* SignupUserNameView.swift */ = {isa = PBXFileReference; fileEncoding = 4; lastKnownFileType = sourcecode.swift; path = SignupUserNameView.swift; sourceTree = "<group>"; };
		BA8904A426A21013006433D2 /* PasswordFieldWithEye.swift */ = {isa = PBXFileReference; fileEncoding = 4; lastKnownFileType = sourcecode.swift; path = PasswordFieldWithEye.swift; sourceTree = "<group>"; };
		BA8904A626A2105E006433D2 /* Date.swift */ = {isa = PBXFileReference; lastKnownFileType = sourcecode.swift; path = Date.swift; sourceTree = "<group>"; };
		BA8904A826A2109A006433D2 /* AddAnySimpleCaution.swift */ = {isa = PBXFileReference; lastKnownFileType = sourcecode.swift; path = AddAnySimpleCaution.swift; sourceTree = "<group>"; };
		BA8904AA26A21293006433D2 /* UIViewController.swift */ = {isa = PBXFileReference; lastKnownFileType = sourcecode.swift; path = UIViewController.swift; sourceTree = "<group>"; };
		BAA79D88269F09EF0019BF77 /* CountryCodeCell.xib */ = {isa = PBXFileReference; fileEncoding = 4; lastKnownFileType = file.xib; path = CountryCodeCell.xib; sourceTree = "<group>"; };
		BAA79D89269F09F10019BF77 /* CountryCodeCell.swift */ = {isa = PBXFileReference; fileEncoding = 4; lastKnownFileType = sourcecode.swift; path = CountryCodeCell.swift; sourceTree = "<group>"; };
		BAA79D8C269F0A0F0019BF77 /* CountryPresentation.swift */ = {isa = PBXFileReference; lastKnownFileType = sourcecode.swift; path = CountryPresentation.swift; sourceTree = "<group>"; };
		BAA79D8E269F123C0019BF77 /* Singleton.swift */ = {isa = PBXFileReference; lastKnownFileType = sourcecode.swift; path = Singleton.swift; sourceTree = "<group>"; };
		BAAA0D6426A8A51B00E46337 /* ConntactPresentation.swift */ = {isa = PBXFileReference; fileEncoding = 4; lastKnownFileType = sourcecode.swift; path = ConntactPresentation.swift; sourceTree = "<group>"; };
		BAAA0D6526A8A51B00E46337 /* ContactsViewModel.swift */ = {isa = PBXFileReference; fileEncoding = 4; lastKnownFileType = sourcecode.swift; path = ContactsViewModel.swift; sourceTree = "<group>"; };
		BAAA0D6626A8A51B00E46337 /* Contacts.swift */ = {isa = PBXFileReference; fileEncoding = 4; lastKnownFileType = sourcecode.swift; path = Contacts.swift; sourceTree = "<group>"; };
		BAAA0D6726A8A51B00E46337 /* ContactsContracts.swift */ = {isa = PBXFileReference; fileEncoding = 4; lastKnownFileType = sourcecode.swift; path = ContactsContracts.swift; sourceTree = "<group>"; };
		BAAA0D6826A8A51B00E46337 /* ContactsRouter.swift */ = {isa = PBXFileReference; fileEncoding = 4; lastKnownFileType = sourcecode.swift; path = ContactsRouter.swift; sourceTree = "<group>"; };
		BAAA0D6926A8A51B00E46337 /* ContactsView.swift */ = {isa = PBXFileReference; fileEncoding = 4; lastKnownFileType = sourcecode.swift; path = ContactsView.swift; sourceTree = "<group>"; };
		BAAA0D6A26A8A51B00E46337 /* ContactsBuilder.swift */ = {isa = PBXFileReference; fileEncoding = 4; lastKnownFileType = sourcecode.swift; path = ContactsBuilder.swift; sourceTree = "<group>"; };
		BAAA0D7426A8A8CA00E46337 /* FirebaseUserServices.swift */ = {isa = PBXFileReference; lastKnownFileType = sourcecode.swift; path = FirebaseUserServices.swift; sourceTree = "<group>"; };
		BAD9EC2126984B7B00278905 /* LoginContracts.swift */ = {isa = PBXFileReference; lastKnownFileType = sourcecode.swift; path = LoginContracts.swift; sourceTree = "<group>"; };
		BAD9EC2426984B8C00278905 /* LoginViewModel.swift */ = {isa = PBXFileReference; lastKnownFileType = sourcecode.swift; path = LoginViewModel.swift; sourceTree = "<group>"; };
		BAD9EC2826984BA300278905 /* LoginView.swift */ = {isa = PBXFileReference; lastKnownFileType = sourcecode.swift; path = LoginView.swift; sourceTree = "<group>"; };
		BAD9EC2A26984BB300278905 /* LoginRouter.swift */ = {isa = PBXFileReference; lastKnownFileType = sourcecode.swift; path = LoginRouter.swift; sourceTree = "<group>"; };
		BAD9EC3726985B5200278905 /* AppContainer.swift */ = {isa = PBXFileReference; lastKnownFileType = sourcecode.swift; path = AppContainer.swift; sourceTree = "<group>"; };
		BAD9EC3926985B5F00278905 /* AppRouter.swift */ = {isa = PBXFileReference; lastKnownFileType = sourcecode.swift; path = AppRouter.swift; sourceTree = "<group>"; };
		CB48F5CE637038178575B932 /* Pods-InstaMFDTests.debug.xcconfig */ = {isa = PBXFileReference; includeInIndex = 1; lastKnownFileType = text.xcconfig; name = "Pods-InstaMFDTests.debug.xcconfig"; path = "Target Support Files/Pods-InstaMFDTests/Pods-InstaMFDTests.debug.xcconfig"; sourceTree = "<group>"; };
/* End PBXFileReference section */

/* Begin PBXFrameworksBuildPhase section */
		BA2B993826978B33009E05D5 /* Frameworks */ = {
			isa = PBXFrameworksBuildPhase;
			buildActionMask = 2147483647;
			files = (
				8305F1CFCE01E4D4AAF53E6D /* Pods_InstaMFD.framework in Frameworks */,
			);
			runOnlyForDeploymentPostprocessing = 0;
		};
		BA2B995126978B34009E05D5 /* Frameworks */ = {
			isa = PBXFrameworksBuildPhase;
			buildActionMask = 2147483647;
			files = (
				22CF981F09DF6BA1E4ABA529 /* Pods_InstaMFDTests.framework in Frameworks */,
			);
			runOnlyForDeploymentPostprocessing = 0;
		};
/* End PBXFrameworksBuildPhase section */

/* Begin PBXGroup section */
		6295B3515579CB9EB9C0C7B4 /* Pods */ = {
			isa = PBXGroup;
			children = (
				35F6B6E73F00BAAE8C0A8090 /* Pods-InstaMFD.debug.xcconfig */,
				75C9ABBABB26A96EB47B33D2 /* Pods-InstaMFD.release.xcconfig */,
				CB48F5CE637038178575B932 /* Pods-InstaMFDTests.debug.xcconfig */,
				3A9DB76BE046253ADAA634C1 /* Pods-InstaMFDTests.release.xcconfig */,
			);
			path = Pods;
			sourceTree = "<group>";
		};
		BA2B993226978B33009E05D5 = {
			isa = PBXGroup;
			children = (
				BA2B993D26978B33009E05D5 /* InstaMFD */,
				BA2B995726978B34009E05D5 /* InstaMFDTests */,
				BA2B993C26978B33009E05D5 /* Products */,
				BA88350E269C25DC00E7C638 /* Frameworks */,
				6295B3515579CB9EB9C0C7B4 /* Pods */,
			);
			sourceTree = "<group>";
		};
		BA2B993C26978B33009E05D5 /* Products */ = {
			isa = PBXGroup;
			children = (
				BA2B993B26978B33009E05D5 /* InstaMFD.app */,
				BA2B995426978B34009E05D5 /* InstaMFDTests.xctest */,
			);
			name = Products;
			sourceTree = "<group>";
		};
		BA2B993D26978B33009E05D5 /* InstaMFD */ = {
			isa = PBXGroup;
			children = (
				BAAA0D7226A8A52500E46337 /* Services */,
				BA740913269D9F1600E3BC20 /* Presentations */,
				BAD9EC3326984CB700278905 /* App */,
				BA7408B3269CC19B00E3BC20 /* Pages */,
				BA80DA2126986E2D00F184F6 /* Extension */,
				BAD9EC3526984CE100278905 /* DataModel */,
				BA7408B4269CC1ED00E3BC20 /* Helper */,
				BAD9EC3426984CC800278905 /* Resources */,
			);
			path = InstaMFD;
			sourceTree = "<group>";
		};
		BA2B995726978B34009E05D5 /* InstaMFDTests */ = {
			isa = PBXGroup;
			children = (
				BA2B995826978B34009E05D5 /* InstaMFDLoginTests.swift */,
				BA7522DF269E091B008F2251 /* InstaMFDSignUpTests.swift */,
				BA2B995A26978B34009E05D5 /* Info.plist */,
			);
			path = InstaMFDTests;
			sourceTree = "<group>";
		};
		BA70FDF326A2E18A00A6BA8E /* AfterLoginPages */ = {
			isa = PBXGroup;
			children = (
				BAAA0D6326A8A50600E46337 /* AddContacts */,
				BA7521EE26AEB3F200352D1F /* AddProfilePhoto */,
				BA76EB8A26B2B6A9009DF421 /* UserPageAndSubPages */,
			);
			path = AfterLoginPages;
			sourceTree = "<group>";
		};
		BA7408B3269CC19B00E3BC20 /* Pages */ = {
			isa = PBXGroup;
			children = (
				BA70FDF326A2E18A00A6BA8E /* AfterLoginPages */,
				BA88355A269C316F00E7C638 /* BeforeLoginPages */,
			);
			path = Pages;
			sourceTree = "<group>";
		};
		BA7408B4269CC1ED00E3BC20 /* Helper */ = {
			isa = PBXGroup;
			children = (
				BA76EB8826B2B2B6009DF421 /* Constants */,
				BA76EB8726B2B265009DF421 /* Singletons */,
				BA76EB8626B2B260009DF421 /* Enums */,
				BA76EB8526B2B25A009DF421 /* Classes */,
				BA76EB8426B2B22C009DF421 /* Structs */,
			);
			path = Helper;
			sourceTree = "<group>";
		};
		BA7408B5269CC20200E3BC20 /* SignUpPage */ = {
			isa = PBXGroup;
			children = (
				BA7408B6269CC2A100E3BC20 /* SingUpEntryMethod */,
				BA7408B8269CC2CC00E3BC20 /* SignUpUserName */,
				BA89048326A20ECD006433D2 /* SingUpBirthday */,
				BA89048526A20EE7006433D2 /* SignUpPassword */,
			);
			path = SignUpPage;
			sourceTree = "<group>";
		};
		BA7408B6269CC2A100E3BC20 /* SingUpEntryMethod */ = {
			isa = PBXGroup;
			children = (
				BA83385E269EB79900F73B07 /* CountryCodesTableView */,
				BA7408BA269CC31800E3BC20 /* SignUpMethodContracts.swift */,
				BA7408BC269CC33300E3BC20 /* SignUpMethodBuilder.swift */,
				BA7408BE269CC33A00E3BC20 /* SignUpMethodView.swift */,
				BA7408C0269CC34900E3BC20 /* SignUpMethodViewModel.swift */,
				BA740922269DA21000E3BC20 /* SignUpMethodModel.swift */,
				BA7408C2269CC35100E3BC20 /* SignUpMethodRouter.swift */,
			);
			path = SingUpEntryMethod;
			sourceTree = "<group>";
		};
		BA7408B8269CC2CC00E3BC20 /* SignUpUserName */ = {
			isa = PBXGroup;
			children = (
				BA89049D26A20FFB006433D2 /* SignupUserNameBuilder.swift */,
				BA89049B26A20FF6006433D2 /* SignupUserNameContracts.swift */,
				BA89049C26A20FF9006433D2 /* SignupUserNameRouter.swift */,
				BA89049E26A20FFD006433D2 /* SignupUserNameView.swift */,
				BA89049A26A20FF4006433D2 /* SignupUserNameViewModel.swift */,
			);
			path = SignUpUserName;
			sourceTree = "<group>";
		};
		BA740913269D9F1600E3BC20 /* Presentations */ = {
			isa = PBXGroup;
			children = (
				BA78FDED26B2914100C541A3 /* Album Presentation.swift */,
				BA78365526B93E9700D4DA28 /* ContactedUserPresenatation.swift */,
				BAAA0D6426A8A51B00E46337 /* ConntactPresentation.swift */,
				BA740918269D9F9D00E3BC20 /* CountryCode.swift */,
				BAA79D8C269F0A0F0019BF77 /* CountryPresentation.swift */,
				BA89045B26A176E9006433D2 /* PhoneNumber.swift */,
				BA81528F26A29DF300335A66 /* BasicUserInfo.swift */,
			);
			path = Presentations;
			sourceTree = "<group>";
		};
		BA74496126BBDCD0009D4E40 /* AddImageDB */ = {
			isa = PBXGroup;
			children = (
				BA74496626BBDCD0009D4E40 /* Vendors */,
				BA74496326BBDCD0009D4E40 /* AddImageDBRouter.swift */,
				BA74496426BBDCD0009D4E40 /* AddImageDBViewModel.swift */,
				BA74496526BBDCD0009D4E40 /* AddImageDBBuilder.swift */,
				BA74496826BBDCD0009D4E40 /* AddImageDBView.swift */,
				BA74496926BBDCD0009D4E40 /* AddImageDBContracts.swift */,
			);
			path = AddImageDB;
			sourceTree = "<group>";
		};
		BA74496626BBDCD0009D4E40 /* Vendors */ = {
			isa = PBXGroup;
			children = (
				BA74496726BBDCD0009D4E40 /* AddImageTopCell.swift */,
			);
			path = Vendors;
			sourceTree = "<group>";
		};
		BA7521DA26AEAA4D00352D1F /* UserPage */ = {
			isa = PBXGroup;
			children = (
				BA76EB7E26B2A8DD009DF421 /* UserPageViewVendors */,
				BA7521DB26AEAA7A00352D1F /* UserPageBuilder.swift */,
				BA7521DF26AEAA7B00352D1F /* UserPageContracts.swift */,
				BA7521DC26AEAA7A00352D1F /* UserPageView.swift */,
				BA78FE0626B2928200C541A3 /* UserPageRouter.swift */,
				BA7521E126AEAA7B00352D1F /* UserPageViewModel.swift */,
			);
			path = UserPage;
			sourceTree = "<group>";
		};
		BA7521EE26AEB3F200352D1F /* AddProfilePhoto */ = {
			isa = PBXGroup;
			children = (
				BA7521FC26AEB98C00352D1F /* AddProfilePhotoViewContracts.swift */,
				BA7521FF26AEB98C00352D1F /* AddProfilePhotoView.swift */,
				BA7521FD26AEB98C00352D1F /* AddProfilePhotoViewModel.swift */,
				BA7521FE26AEB98C00352D1F /* AddProfilePhotoRouter.swift */,
				BA7521FB26AEB98B00352D1F /* AddProfilePhotoBuilder.swift */,
			);
			path = AddProfilePhoto;
			sourceTree = "<group>";
		};
		BA76EB7E26B2A8DD009DF421 /* UserPageViewVendors */ = {
			isa = PBXGroup;
			children = (
				BA76EB7F26B2A921009DF421 /* UserPageSection.swift */,
				BA7521E226AEAA7B00352D1F /* PhotoCell.swift */,
				BA7521DE26AEAA7B00352D1F /* PhotoHeaderReusableView.swift */,
				BA7521E326AEAA7B00352D1F /* StoryCell.swift */,
				BA7521DD26AEAA7B00352D1F /* UserPageCollectionViewLayout.swift */,
				BA7521E026AEAA7B00352D1F /* UserCell.swift */,
				BA76EB7C26B2A8C1009DF421 /* UserDataItems.swift */,
			);
			path = UserPageViewVendors;
			sourceTree = "<group>";
		};
		BA76EB8126B2AC74009DF421 /* NewPostViewVendors */ = {
			isa = PBXGroup;
			children = (
				BA78FDEA26B2914100C541A3 /* NewPostCell.swift */,
				BA76EB8226B2ACBF009DF421 /* NewPostCollectionViewSection.swift */,
			);
			path = NewPostViewVendors;
			sourceTree = "<group>";
		};
		BA76EB8426B2B22C009DF421 /* Structs */ = {
			isa = PBXGroup;
			children = (
				BA74497126BBE10B009D4E40 /* FilteredImageContainer.swift */,
				BA74091A269D9FCA00E3BC20 /* CountryCodeResponder.swift */,
				BA78FDEB26B2914100C541A3 /* ImageContainer.swift */,
			);
			path = Structs;
			sourceTree = "<group>";
		};
		BA76EB8526B2B25A009DF421 /* Classes */ = {
			isa = PBXGroup;
			children = (
				BA782C8A26B4036400FF5B2D /* PhotoFilter.swift */,
				BA78FDF626B2914100C541A3 /* AlbumProvider.swift */,
				BA8284E626A5FD7E008B04C3 /* CustomSegment.swift */,
				BA8284D326A4E038008B04C3 /* FBLogOut.swift */,
				BA746F8726AF3563005423CC /* PhotoDownloader.swift */,
				BA746F8526AED23E005423CC /* PhotoPicker.swift */,
				BA74091E269DA00E00E3BC20 /* CountryCodesService.swift */,
				BA76409A26BAF82A00FA77F1 /* AlbumFile.swift */,
				BA76409C26BAF87B00FA77F1 /* AlbumCollection.swift */,
			);
			path = Classes;
			sourceTree = "<group>";
		};
		BA76EB8626B2B260009DF421 /* Enums */ = {
			isa = PBXGroup;
			children = (
				BA89045926A16B58006433D2 /* GeneralErrors.swift */,
				BA74091C269D9FF400E3BC20 /* DecoderErrors.swift */,
				BA8864E226A43A38000B6AB4 /* Results.swift */,
				BA76409826BAF7D400FA77F1 /* FileFromType.swift */,
				BA7640A026BAF91200FA77F1 /* Debug.swift */,
			);
			path = Enums;
			sourceTree = "<group>";
		};
		BA76EB8726B2B265009DF421 /* Singletons */ = {
			isa = PBXGroup;
			children = (
				BAA79D8E269F123C0019BF77 /* Singleton.swift */,
				BA8864E926A4D154000B6AB4 /* Animator.swift */,
			);
			path = Singletons;
			sourceTree = "<group>";
		};
		BA76EB8826B2B2B6009DF421 /* Constants */ = {
			isa = PBXGroup;
			children = (
				BA76409E26BAF8B500FA77F1 /* AlbumConstant.swift */,
				BA70FDF126A2C6B500A6BA8E /* Cons.swift */,
			);
			path = Constants;
			sourceTree = "<group>";
		};
		BA76EB8926B2B694009DF421 /* FilterPages */ = {
			isa = PBXGroup;
			children = (
				BA782C8626B4036300FF5B2D /* FilterPostView.swift */,
				BA782C8826B4036400FF5B2D /* FilterPostViewModel.swift */,
				BA782C8B26B4036400FF5B2D /* FilterPostBuilder.swift */,
				BA782C8726B4036400FF5B2D /* FilterPostRouter.swift */,
				BA782C8926B4036400FF5B2D /* FilterPostContracts.swift */,
			);
			path = FilterPages;
			sourceTree = "<group>";
		};
		BA76EB8A26B2B6A9009DF421 /* UserPageAndSubPages */ = {
			isa = PBXGroup;
			children = (
				BA7521DA26AEAA4D00352D1F /* UserPage */,
				BA78FDE626B2914100C541A3 /* NewPostPage */,
				BA76EB8926B2B694009DF421 /* FilterPages */,
				BA74496126BBDCD0009D4E40 /* AddImageDB */,
			);
			path = UserPageAndSubPages;
			sourceTree = "<group>";
		};
		BA78364826B9252A00D4DA28 /* ContactedUserTableView */ = {
			isa = PBXGroup;
			children = (
				BA78365226B9283500D4DA28 /* Vendors */,
				BA78364A26B9255800D4DA28 /* ContactedUserContract.swift */,
				BA78364C26B9256500D4DA28 /* ContactedUserViewModel.swift */,
				BA78364E26B9256E00D4DA28 /* ContactedUserView.swift */,
				BA78365026B9257B00D4DA28 /* ContactedUserBuilder.swift */,
			);
			path = ContactedUserTableView;
			sourceTree = "<group>";
		};
		BA78365226B9283500D4DA28 /* Vendors */ = {
			isa = PBXGroup;
			children = (
				BA78365326B9286D00D4DA28 /* ContactedUserCell.swift */,
			);
			path = Vendors;
			sourceTree = "<group>";
		};
		BA78FDE626B2914100C541A3 /* NewPostPage */ = {
			isa = PBXGroup;
			children = (
				BA76EB8126B2AC74009DF421 /* NewPostViewVendors */,
				BA78FDEE26B2914100C541A3 /* NewPostView.swift */,
				BA78FDE726B2914100C541A3 /* NewPostViewModel.swift */,
				BA78FDE826B2914100C541A3 /* NewPostBuilder.swift */,
				BA78FDEC26B2914100C541A3 /* NewPostRouter.swift */,
				BA78FDEF26B2914100C541A3 /* NewPostContracts.swift */,
				BA78FDF026B2914100C541A3 /* SelectAlbum */,
			);
			path = NewPostPage;
			sourceTree = "<group>";
		};
		BA78FDF026B2914100C541A3 /* SelectAlbum */ = {
			isa = PBXGroup;
			children = (
				BA78FDF426B2914100C541A3 /* SelectAlbumView.swift */,
				BA78FDF126B2914100C541A3 /* SelectAlbumViewModel.swift */,
				BA78FDF226B2914100C541A3 /* SelectAlbumBuilder.swift */,
				BA78FDF526B2914100C541A3 /* SelectAlbumContracts.swift */,
			);
			path = SelectAlbum;
			sourceTree = "<group>";
		};
		BA80DA2126986E2D00F184F6 /* Extension */ = {
			isa = PBXGroup;
			children = (
				BA8904A426A21013006433D2 /* PasswordFieldWithEye.swift */,
				BA8284D526A54601008B04C3 /* CALayer.swift */,
				BA80DA2226986E4300F184F6 /* View.swift */,
				BA740914269D9F4B00E3BC20 /* Bundle.swift */,
				BA740916269D9F6900E3BC20 /* TextField.swift */,
				BA8904AA26A21293006433D2 /* UIViewController.swift */,
				BA8904A626A2105E006433D2 /* Date.swift */,
				BA8904A826A2109A006433D2 /* AddAnySimpleCaution.swift */,
				BA76409626BAF76F00FA77F1 /* Photo.swift */,
			);
			path = Extension;
			sourceTree = "<group>";
		};
		BA8284E826A603E8008B04C3 /* ForgotThePassword */ = {
			isa = PBXGroup;
			children = (
				BA8284E926A603FC008B04C3 /* ForgotThePasswordContracts.swift */,
				BA8284EA26A603FC008B04C3 /* ForgotThePasswordBuilder.swift */,
				BA8284EB26A603FC008B04C3 /* ForgotThePasswordRouter.swift */,
				BA8284ED26A603FD008B04C3 /* ForgotThePasswordView.swift */,
				BA8284EC26A603FD008B04C3 /* ForgotThePasswordViewModel.swift */,
			);
			path = ForgotThePassword;
			sourceTree = "<group>";
		};
		BA83385E269EB79900F73B07 /* CountryCodesTableView */ = {
			isa = PBXGroup;
			children = (
				BA83385F269EB7C400F73B07 /* CountryCodesContracts.swift */,
				BA833861269EB7D800F73B07 /* CountryCodesViewModel.swift */,
				BA833863269EB7E000F73B07 /* CountryCodesView.swift */,
				BAA79D89269F09F10019BF77 /* CountryCodeCell.swift */,
				BAA79D88269F09EF0019BF77 /* CountryCodeCell.xib */,
				BA833865269EB80000F73B07 /* CountryCodesBuilder.swift */,
			);
			path = CountryCodesTableView;
			sourceTree = "<group>";
		};
		BA88350E269C25DC00E7C638 /* Frameworks */ = {
			isa = PBXGroup;
			children = (
				A42F4AC8BBE249B9B5F14DD0 /* Pods_InstaMFD.framework */,
				7DE042465639F931BDF226C7 /* Pods_InstaMFDTests.framework */,
			);
			name = Frameworks;
			sourceTree = "<group>";
		};
		BA88355A269C316F00E7C638 /* BeforeLoginPages */ = {
			isa = PBXGroup;
			children = (
				BA88355B269C31D100E7C638 /* FirstPage */,
				BA7408B5269CC20200E3BC20 /* SignUpPage */,
				BAD9EC2026984B6800278905 /* LoginPage */,
			);
			name = BeforeLoginPages;
			path = "../New Group/BeforeLoginPages";
			sourceTree = "<group>";
		};
		BA88355B269C31D100E7C638 /* FirstPage */ = {
			isa = PBXGroup;
			children = (
				BA88355C269C32A900E7C638 /* FirstPageContracts.swift */,
				BA883562269C349700E7C638 /* FirstPageRouter.swift */,
				BA883568269C3CE000E7C638 /* FirstPageBuilder.swift */,
				BA883560269C346A00E7C638 /* FirstPageView.swift */,
				BA88356E269C405400E7C638 /* FirstPageViewModel.swift */,
			);
			path = FirstPage;
			sourceTree = "<group>";
		};
		BA883564269C382A00E7C638 /* Fonts */ = {
			isa = PBXGroup;
			children = (
				BA88245F269C518500F321F2 /* Cookie-Regular.ttf */,
			);
			path = Fonts;
			sourceTree = "<group>";
		};
		BA89045626A165C6006433D2 /* FirebaseService */ = {
			isa = PBXGroup;
			children = (
				BA89045726A1664A006433D2 /* FirebaseAuthenticationService.swift */,
				BAAA0D7426A8A8CA00E46337 /* FirebaseUserServices.swift */,
			);
			path = FirebaseService;
			sourceTree = "<group>";
		};
		BA89048326A20ECD006433D2 /* SingUpBirthday */ = {
			isa = PBXGroup;
			children = (
				BA89048826A20F46006433D2 /* SignUpBirthdayContracts.swift */,
				BA89048726A20F44006433D2 /* SignUpBirthdayPageBuilder.swift */,
				BA89048626A20F41006433D2 /* SignUpBirthdayPageRouter.swift */,
				BA89048926A20F48006433D2 /* SignUpBirthdayPageView.swift */,
				BA89048A26A20F4B006433D2 /* SignUpBirthdayPageViewModel.swift */,
			);
			path = SingUpBirthday;
			sourceTree = "<group>";
		};
		BA89048526A20EE7006433D2 /* SignUpPassword */ = {
			isa = PBXGroup;
			children = (
				BA89049426A20F5C006433D2 /* SignUpPasswordBuilder.swift */,
				BA89049026A20F52006433D2 /* SignUpPasswordContracts.swift */,
				BA89049226A20F57006433D2 /* SignUpPasswordRouter.swift */,
				BA89049126A20F55006433D2 /* SignUpPasswordView.swift */,
				BA89049326A20F59006433D2 /* SignUpPasswordViewModel.swift */,
			);
			path = SignUpPassword;
			sourceTree = "<group>";
		};
		BAAA0D6326A8A50600E46337 /* AddContacts */ = {
			isa = PBXGroup;
			children = (
				BA78364826B9252A00D4DA28 /* ContactedUserTableView */,
				BAAA0D6A26A8A51B00E46337 /* ContactsBuilder.swift */,
				BAAA0D6726A8A51B00E46337 /* ContactsContracts.swift */,
				BAAA0D6826A8A51B00E46337 /* ContactsRouter.swift */,
				BAAA0D6926A8A51B00E46337 /* ContactsView.swift */,
				BAAA0D6526A8A51B00E46337 /* ContactsViewModel.swift */,
			);
			path = AddContacts;
			sourceTree = "<group>";
		};
		BAAA0D7226A8A52500E46337 /* Services */ = {
			isa = PBXGroup;
			children = (
				BAAA0D7326A8A53300E46337 /* Contacts */,
				BA89045626A165C6006433D2 /* FirebaseService */,
			);
			path = Services;
			sourceTree = "<group>";
		};
		BAAA0D7326A8A53300E46337 /* Contacts */ = {
			isa = PBXGroup;
			children = (
				BAAA0D6626A8A51B00E46337 /* Contacts.swift */,
			);
			path = Contacts;
			sourceTree = "<group>";
		};
		BAD9EC2026984B6800278905 /* LoginPage */ = {
			isa = PBXGroup;
			children = (
				BA8284E826A603E8008B04C3 /* ForgotThePassword */,
				BAD9EC2126984B7B00278905 /* LoginContracts.swift */,
				BAD9EC2426984B8C00278905 /* LoginViewModel.swift */,
				BAD9EC2826984BA300278905 /* LoginView.swift */,
				BAD9EC2A26984BB300278905 /* LoginRouter.swift */,
				BA883570269C458B00E7C638 /* LogInBuilder.swift */,
			);
			path = LoginPage;
			sourceTree = "<group>";
		};
		BAD9EC3326984CB700278905 /* App */ = {
			isa = PBXGroup;
			children = (
				BA2B993E26978B33009E05D5 /* AppDelegate.swift */,
				BA2B994026978B33009E05D5 /* SceneDelegate.swift */,
				BAD9EC3726985B5200278905 /* AppContainer.swift */,
				BAD9EC3926985B5F00278905 /* AppRouter.swift */,
			);
			path = App;
			sourceTree = "<group>";
		};
		BAD9EC3426984CC800278905 /* Resources */ = {
			isa = PBXGroup;
			children = (
				BA883564269C382A00E7C638 /* Fonts */,
				BA88355E269C33A500E7C638 /* GoogleService-Info.plist */,
				BA2B994F26978B34009E05D5 /* Info.plist */,
				BA2B994A26978B34009E05D5 /* Assets.xcassets */,
				BA2B994C26978B34009E05D5 /* LaunchScreen.storyboard */,
				BA740920269DA03900E3BC20 /* countryPhoneCodes.json */,
			);
			path = Resources;
			sourceTree = "<group>";
		};
		BAD9EC3526984CE100278905 /* DataModel */ = {
			isa = PBXGroup;
			children = (
				BA2B994726978B33009E05D5 /* InstaMFD.xcdatamodeld */,
				BA882461269C568100F321F2 /* CoreData.swift */,
			);
			path = DataModel;
			sourceTree = "<group>";
		};
/* End PBXGroup section */

/* Begin PBXNativeTarget section */
		BA2B993A26978B33009E05D5 /* InstaMFD */ = {
			isa = PBXNativeTarget;
			buildConfigurationList = BA2B996826978B34009E05D5 /* Build configuration list for PBXNativeTarget "InstaMFD" */;
			buildPhases = (
				11301145ED7EECCB15FD13B3 /* [CP] Check Pods Manifest.lock */,
				BA2B993726978B33009E05D5 /* Sources */,
				BA2B993826978B33009E05D5 /* Frameworks */,
				BA2B993926978B33009E05D5 /* Resources */,
				BAF47D1E2697949B00D88811 /* Embed Frameworks */,
				5ED79B16D7F4634B611A3CB7 /* [CP] Embed Pods Frameworks */,
			);
			buildRules = (
			);
			dependencies = (
			);
			name = InstaMFD;
			productName = InstaMFD;
			productReference = BA2B993B26978B33009E05D5 /* InstaMFD.app */;
			productType = "com.apple.product-type.application";
		};
		BA2B995326978B34009E05D5 /* InstaMFDTests */ = {
			isa = PBXNativeTarget;
			buildConfigurationList = BA2B996B26978B34009E05D5 /* Build configuration list for PBXNativeTarget "InstaMFDTests" */;
			buildPhases = (
				4A30CB260070364661ADB4D9 /* [CP] Check Pods Manifest.lock */,
				BA2B995026978B34009E05D5 /* Sources */,
				BA2B995126978B34009E05D5 /* Frameworks */,
				BA2B995226978B34009E05D5 /* Resources */,
			);
			buildRules = (
			);
			dependencies = (
				BA2B995626978B34009E05D5 /* PBXTargetDependency */,
			);
			name = InstaMFDTests;
			productName = InstaMFDTests;
			productReference = BA2B995426978B34009E05D5 /* InstaMFDTests.xctest */;
			productType = "com.apple.product-type.bundle.unit-test";
		};
/* End PBXNativeTarget section */

/* Begin PBXProject section */
		BA2B993326978B33009E05D5 /* Project object */ = {
			isa = PBXProject;
			attributes = {
				LastSwiftUpdateCheck = 1250;
				LastUpgradeCheck = 1250;
				TargetAttributes = {
					BA2B993A26978B33009E05D5 = {
						CreatedOnToolsVersion = 12.5.1;
					};
					BA2B995326978B34009E05D5 = {
						CreatedOnToolsVersion = 12.5.1;
						TestTargetID = BA2B993A26978B33009E05D5;
					};
				};
			};
			buildConfigurationList = BA2B993626978B33009E05D5 /* Build configuration list for PBXProject "InstaMFD" */;
			compatibilityVersion = "Xcode 9.3";
			developmentRegion = en;
			hasScannedForEncodings = 0;
			knownRegions = (
				en,
				Base,
			);
			mainGroup = BA2B993226978B33009E05D5;
			productRefGroup = BA2B993C26978B33009E05D5 /* Products */;
			projectDirPath = "";
			projectRoot = "";
			targets = (
				BA2B993A26978B33009E05D5 /* InstaMFD */,
				BA2B995326978B34009E05D5 /* InstaMFDTests */,
			);
		};
/* End PBXProject section */

/* Begin PBXResourcesBuildPhase section */
		BA2B993926978B33009E05D5 /* Resources */ = {
			isa = PBXResourcesBuildPhase;
			buildActionMask = 2147483647;
			files = (
				BA2B994E26978B34009E05D5 /* LaunchScreen.storyboard in Resources */,
				BA2B994B26978B34009E05D5 /* Assets.xcassets in Resources */,
				BA88355F269C33A500E7C638 /* GoogleService-Info.plist in Resources */,
				BAA79D8A269F09F10019BF77 /* CountryCodeCell.xib in Resources */,
				BA882460269C518500F321F2 /* Cookie-Regular.ttf in Resources */,
				BA740921269DA03900E3BC20 /* countryPhoneCodes.json in Resources */,
			);
			runOnlyForDeploymentPostprocessing = 0;
		};
		BA2B995226978B34009E05D5 /* Resources */ = {
			isa = PBXResourcesBuildPhase;
			buildActionMask = 2147483647;
			files = (
			);
			runOnlyForDeploymentPostprocessing = 0;
		};
/* End PBXResourcesBuildPhase section */

/* Begin PBXShellScriptBuildPhase section */
		11301145ED7EECCB15FD13B3 /* [CP] Check Pods Manifest.lock */ = {
			isa = PBXShellScriptBuildPhase;
			buildActionMask = 2147483647;
			files = (
			);
			inputFileListPaths = (
			);
			inputPaths = (
				"${PODS_PODFILE_DIR_PATH}/Podfile.lock",
				"${PODS_ROOT}/Manifest.lock",
			);
			name = "[CP] Check Pods Manifest.lock";
			outputFileListPaths = (
			);
			outputPaths = (
				"$(DERIVED_FILE_DIR)/Pods-InstaMFD-checkManifestLockResult.txt",
			);
			runOnlyForDeploymentPostprocessing = 0;
			shellPath = /bin/sh;
			shellScript = "diff \"${PODS_PODFILE_DIR_PATH}/Podfile.lock\" \"${PODS_ROOT}/Manifest.lock\" > /dev/null\nif [ $? != 0 ] ; then\n    # print error to STDERR\n    echo \"error: The sandbox is not in sync with the Podfile.lock. Run 'pod install' or update your CocoaPods installation.\" >&2\n    exit 1\nfi\n# This output is used by Xcode 'outputs' to avoid re-running this script phase.\necho \"SUCCESS\" > \"${SCRIPT_OUTPUT_FILE_0}\"\n";
			showEnvVarsInLog = 0;
		};
		4A30CB260070364661ADB4D9 /* [CP] Check Pods Manifest.lock */ = {
			isa = PBXShellScriptBuildPhase;
			buildActionMask = 2147483647;
			files = (
			);
			inputFileListPaths = (
			);
			inputPaths = (
				"${PODS_PODFILE_DIR_PATH}/Podfile.lock",
				"${PODS_ROOT}/Manifest.lock",
			);
			name = "[CP] Check Pods Manifest.lock";
			outputFileListPaths = (
			);
			outputPaths = (
				"$(DERIVED_FILE_DIR)/Pods-InstaMFDTests-checkManifestLockResult.txt",
			);
			runOnlyForDeploymentPostprocessing = 0;
			shellPath = /bin/sh;
			shellScript = "diff \"${PODS_PODFILE_DIR_PATH}/Podfile.lock\" \"${PODS_ROOT}/Manifest.lock\" > /dev/null\nif [ $? != 0 ] ; then\n    # print error to STDERR\n    echo \"error: The sandbox is not in sync with the Podfile.lock. Run 'pod install' or update your CocoaPods installation.\" >&2\n    exit 1\nfi\n# This output is used by Xcode 'outputs' to avoid re-running this script phase.\necho \"SUCCESS\" > \"${SCRIPT_OUTPUT_FILE_0}\"\n";
			showEnvVarsInLog = 0;
		};
		5ED79B16D7F4634B611A3CB7 /* [CP] Embed Pods Frameworks */ = {
			isa = PBXShellScriptBuildPhase;
			buildActionMask = 2147483647;
			files = (
			);
			inputFileListPaths = (
				"${PODS_ROOT}/Target Support Files/Pods-InstaMFD/Pods-InstaMFD-frameworks-${CONFIGURATION}-input-files.xcfilelist",
			);
			name = "[CP] Embed Pods Frameworks";
			outputFileListPaths = (
				"${PODS_ROOT}/Target Support Files/Pods-InstaMFD/Pods-InstaMFD-frameworks-${CONFIGURATION}-output-files.xcfilelist",
			);
			runOnlyForDeploymentPostprocessing = 0;
			shellPath = /bin/sh;
			shellScript = "\"${PODS_ROOT}/Target Support Files/Pods-InstaMFD/Pods-InstaMFD-frameworks.sh\"\n";
			showEnvVarsInLog = 0;
		};
/* End PBXShellScriptBuildPhase section */

/* Begin PBXSourcesBuildPhase section */
		BA2B993726978B33009E05D5 /* Sources */ = {
			isa = PBXSourcesBuildPhase;
			buildActionMask = 2147483647;
			files = (
				BA89049826A20F5C006433D2 /* SignUpPasswordViewModel.swift in Sources */,
				BA8864EA26A4D154000B6AB4 /* Animator.swift in Sources */,
				BA78FE0026B2914100C541A3 /* SelectAlbumViewModel.swift in Sources */,
				BA7521EC26AEAA7C00352D1F /* StoryCell.swift in Sources */,
				BA78FDF726B2914100C541A3 /* NewPostViewModel.swift in Sources */,
				BA78FDFD26B2914100C541A3 /* Album Presentation.swift in Sources */,
				BAAA0D6B26A8A51B00E46337 /* ConntactPresentation.swift in Sources */,
				BA740923269DA21000E3BC20 /* SignUpMethodModel.swift in Sources */,
				BA7521E426AEAA7C00352D1F /* UserPageBuilder.swift in Sources */,
				BA89049926A20F5C006433D2 /* SignUpPasswordBuilder.swift in Sources */,
				BA782C8C26B4036400FF5B2D /* FilterPostView.swift in Sources */,
				BA746F8826AF3563005423CC /* PhotoDownloader.swift in Sources */,
				BAD9EC2226984B7B00278905 /* LoginContracts.swift in Sources */,
				BA740915269D9F4B00E3BC20 /* Bundle.swift in Sources */,
				BA7408BF269CC33A00E3BC20 /* SignUpMethodView.swift in Sources */,
				BA833862269EB7D800F73B07 /* CountryCodesViewModel.swift in Sources */,
				BA75220426AEB98C00352D1F /* AddProfilePhotoView.swift in Sources */,
				BA8284E726A5FD7E008B04C3 /* CustomSegment.swift in Sources */,
				BA78FDFC26B2914100C541A3 /* NewPostRouter.swift in Sources */,
				BA70FDF226A2C6B500A6BA8E /* Cons.swift in Sources */,
				BA88355D269C32A900E7C638 /* FirstPageContracts.swift in Sources */,
				BAAA0D7126A8A51B00E46337 /* ContactsBuilder.swift in Sources */,
				BA7521EB26AEAA7C00352D1F /* PhotoCell.swift in Sources */,
				BAAA0D6E26A8A51B00E46337 /* ContactsContracts.swift in Sources */,
				BA78364F26B9256E00D4DA28 /* ContactedUserView.swift in Sources */,
				BA883571269C458B00E7C638 /* LogInBuilder.swift in Sources */,
				BA75220026AEB98C00352D1F /* AddProfilePhotoBuilder.swift in Sources */,
				BAAA0D6F26A8A51B00E46337 /* ContactsRouter.swift in Sources */,
				BA78364B26B9255800D4DA28 /* ContactedUserContract.swift in Sources */,
				BAAA0D7026A8A51B00E46337 /* ContactsView.swift in Sources */,
				BA8284D426A4E038008B04C3 /* FBLogOut.swift in Sources */,
				BA883563269C349700E7C638 /* FirstPageRouter.swift in Sources */,
				BA76EB8326B2ACBF009DF421 /* NewPostCollectionViewSection.swift in Sources */,
				BA7521E926AEAA7C00352D1F /* UserCell.swift in Sources */,
				BA78365126B9257B00D4DA28 /* ContactedUserBuilder.swift in Sources */,
				BA89045826A1664A006433D2 /* FirebaseAuthenticationService.swift in Sources */,
				BA882462269C568100F321F2 /* CoreData.swift in Sources */,
				BA76409F26BAF8B500FA77F1 /* AlbumConstant.swift in Sources */,
				BA89045A26A16B58006433D2 /* GeneralErrors.swift in Sources */,
				BA76EB7D26B2A8C1009DF421 /* UserDataItems.swift in Sources */,
				BA833864269EB7E000F73B07 /* CountryCodesView.swift in Sources */,
				BA76409B26BAF82A00FA77F1 /* AlbumFile.swift in Sources */,
				BA746F8626AED23F005423CC /* PhotoPicker.swift in Sources */,
				BA8904A326A20FFD006433D2 /* SignupUserNameView.swift in Sources */,
				BA74091B269D9FCA00E3BC20 /* CountryCodeResponder.swift in Sources */,
				BA782C8E26B4036400FF5B2D /* FilterPostViewModel.swift in Sources */,
				BA8904A726A2105E006433D2 /* Date.swift in Sources */,
				BA7408BB269CC31800E3BC20 /* SignUpMethodContracts.swift in Sources */,
				BA74496F26BBDCD0009D4E40 /* AddImageDBView.swift in Sources */,
				BA782C8D26B4036400FF5B2D /* FilterPostRouter.swift in Sources */,
				BA8284D626A54601008B04C3 /* CALayer.swift in Sources */,
				BAA79D8B269F09F10019BF77 /* CountryCodeCell.swift in Sources */,
				BA74497226BBE10B009D4E40 /* FilteredImageContainer.swift in Sources */,
				BA78FE0126B2914100C541A3 /* SelectAlbumBuilder.swift in Sources */,
				BA8284F026A603FD008B04C3 /* ForgotThePasswordRouter.swift in Sources */,
				BA89049F26A20FFD006433D2 /* SignupUserNameViewModel.swift in Sources */,
				BA8284EF26A603FD008B04C3 /* ForgotThePasswordBuilder.swift in Sources */,
				BA89049726A20F5C006433D2 /* SignUpPasswordRouter.swift in Sources */,
				BA88356F269C405400E7C638 /* FirstPageViewModel.swift in Sources */,
				BA7521E726AEAA7C00352D1F /* PhotoHeaderReusableView.swift in Sources */,
				BA76EB8026B2A921009DF421 /* UserPageSection.swift in Sources */,
				BA78FDFB26B2914100C541A3 /* ImageContainer.swift in Sources */,
				BA8904AB26A21293006433D2 /* UIViewController.swift in Sources */,
				BA883561269C346A00E7C638 /* FirstPageView.swift in Sources */,
				BAD9EC2526984B8C00278905 /* LoginViewModel.swift in Sources */,
				BA2B993F26978B33009E05D5 /* AppDelegate.swift in Sources */,
				BA740919269D9F9D00E3BC20 /* CountryCode.swift in Sources */,
				BA81529026A29DF300335A66 /* BasicUserInfo.swift in Sources */,
				BAD9EC2B26984BB300278905 /* LoginRouter.swift in Sources */,
				BAA79D8D269F0A0F0019BF77 /* CountryPresentation.swift in Sources */,
				BA89045C26A176E9006433D2 /* PhoneNumber.swift in Sources */,
				BA75220226AEB98C00352D1F /* AddProfilePhotoViewModel.swift in Sources */,
				BA7640A126BAF91200FA77F1 /* Debug.swift in Sources */,
				BA2B994126978B33009E05D5 /* SceneDelegate.swift in Sources */,
				BA74496E26BBDCD0009D4E40 /* AddImageTopCell.swift in Sources */,
				BA782C9126B4036400FF5B2D /* FilterPostBuilder.swift in Sources */,
				BA78FE0326B2914100C541A3 /* SelectAlbumView.swift in Sources */,
				BA8284F126A603FD008B04C3 /* ForgotThePasswordViewModel.swift in Sources */,
				BA8864E326A43A38000B6AB4 /* Results.swift in Sources */,
				BA8284EE26A603FD008B04C3 /* ForgotThePasswordContracts.swift in Sources */,
				BA7521E626AEAA7C00352D1F /* UserPageCollectionViewLayout.swift in Sources */,
				BAD9EC3A26985B5F00278905 /* AppRouter.swift in Sources */,
				BA7521EA26AEAA7C00352D1F /* UserPageViewModel.swift in Sources */,
				BA89049526A20F5C006433D2 /* SignUpPasswordContracts.swift in Sources */,
				BA76409926BAF7D400FA77F1 /* FileFromType.swift in Sources */,
				BA78FDFF26B2914100C541A3 /* NewPostContracts.swift in Sources */,
				BA8904A026A20FFD006433D2 /* SignupUserNameContracts.swift in Sources */,
				BA78364D26B9256500D4DA28 /* ContactedUserViewModel.swift in Sources */,
				BA782C8F26B4036400FF5B2D /* FilterPostContracts.swift in Sources */,
				BA74091F269DA00E00E3BC20 /* CountryCodesService.swift in Sources */,
				BA7521E526AEAA7C00352D1F /* UserPageView.swift in Sources */,
				BA80DA2326986E4300F184F6 /* View.swift in Sources */,
				BA7408BD269CC33300E3BC20 /* SignUpMethodBuilder.swift in Sources */,
				BA8904A226A20FFD006433D2 /* SignupUserNameBuilder.swift in Sources */,
				BA78FE0726B2928200C541A3 /* UserPageRouter.swift in Sources */,
				BA740917269D9F6900E3BC20 /* TextField.swift in Sources */,
				BA89048B26A20F4B006433D2 /* SignUpBirthdayPageRouter.swift in Sources */,
				BA78FDF826B2914100C541A3 /* NewPostBuilder.swift in Sources */,
				BA74496B26BBDCD0009D4E40 /* AddImageDBRouter.swift in Sources */,
				BA78FE0426B2914100C541A3 /* SelectAlbumContracts.swift in Sources */,
				BA89048F26A20F4B006433D2 /* SignUpBirthdayPageViewModel.swift in Sources */,
				BAA79D8F269F123C0019BF77 /* Singleton.swift in Sources */,
				BA89048E26A20F4B006433D2 /* SignUpBirthdayPageView.swift in Sources */,
				BA833866269EB80000F73B07 /* CountryCodesBuilder.swift in Sources */,
				BA89048D26A20F4B006433D2 /* SignUpBirthdayContracts.swift in Sources */,
				BA75220126AEB98C00352D1F /* AddProfilePhotoViewContracts.swift in Sources */,
				BA75220326AEB98C00352D1F /* AddProfilePhotoRouter.swift in Sources */,
				BA78FDFE26B2914100C541A3 /* NewPostView.swift in Sources */,
				BA74496C26BBDCD0009D4E40 /* AddImageDBViewModel.swift in Sources */,
				BA74091D269D9FF400E3BC20 /* DecoderErrors.swift in Sources */,
				BA7521E826AEAA7C00352D1F /* UserPageContracts.swift in Sources */,
				BA89049626A20F5C006433D2 /* SignUpPasswordView.swift in Sources */,
				BA883569269C3CE000E7C638 /* FirstPageBuilder.swift in Sources */,
				BA89048C26A20F4B006433D2 /* SignUpBirthdayPageBuilder.swift in Sources */,
				BAAA0D6C26A8A51B00E46337 /* ContactsViewModel.swift in Sources */,
				BA76409D26BAF87B00FA77F1 /* AlbumCollection.swift in Sources */,
				BA74496D26BBDCD0009D4E40 /* AddImageDBBuilder.swift in Sources */,
				BA833860269EB7C400F73B07 /* CountryCodesContracts.swift in Sources */,
				BA8284F226A603FD008B04C3 /* ForgotThePasswordView.swift in Sources */,
				BA76409726BAF76F00FA77F1 /* Photo.swift in Sources */,
				BA78FDFA26B2914100C541A3 /* NewPostCell.swift in Sources */,
				BA782C9026B4036400FF5B2D /* PhotoFilter.swift in Sources */,
				BA78365426B9286D00D4DA28 /* ContactedUserCell.swift in Sources */,
				BA78365626B93E9700D4DA28 /* ContactedUserPresenatation.swift in Sources */,
				BAD9EC3826985B5200278905 /* AppContainer.swift in Sources */,
				BA78FE0526B2914100C541A3 /* AlbumProvider.swift in Sources */,
				BAAA0D6D26A8A51B00E46337 /* Contacts.swift in Sources */,
				BAD9EC2926984BA300278905 /* LoginView.swift in Sources */,
				BA8904A526A21013006433D2 /* PasswordFieldWithEye.swift in Sources */,
				BA7408C1269CC34900E3BC20 /* SignUpMethodViewModel.swift in Sources */,
				BA7408C3269CC35100E3BC20 /* SignUpMethodRouter.swift in Sources */,
				BA8904A926A2109A006433D2 /* AddAnySimpleCaution.swift in Sources */,
				BA2B994926978B33009E05D5 /* InstaMFD.xcdatamodeld in Sources */,
				BA8904A126A20FFD006433D2 /* SignupUserNameRouter.swift in Sources */,
				BAAA0D7526A8A8CA00E46337 /* FirebaseUserServices.swift in Sources */,
				BA74497026BBDCD0009D4E40 /* AddImageDBContracts.swift in Sources */,
			);
			runOnlyForDeploymentPostprocessing = 0;
		};
		BA2B995026978B34009E05D5 /* Sources */ = {
			isa = PBXSourcesBuildPhase;
			buildActionMask = 2147483647;
			files = (
				BA2B995926978B34009E05D5 /* InstaMFDLoginTests.swift in Sources */,
				BA7522E0269E091B008F2251 /* InstaMFDSignUpTests.swift in Sources */,
			);
			runOnlyForDeploymentPostprocessing = 0;
		};
/* End PBXSourcesBuildPhase section */

/* Begin PBXTargetDependency section */
		BA2B995626978B34009E05D5 /* PBXTargetDependency */ = {
			isa = PBXTargetDependency;
			target = BA2B993A26978B33009E05D5 /* InstaMFD */;
			targetProxy = BA2B995526978B34009E05D5 /* PBXContainerItemProxy */;
		};
/* End PBXTargetDependency section */

/* Begin PBXVariantGroup section */
		BA2B994C26978B34009E05D5 /* LaunchScreen.storyboard */ = {
			isa = PBXVariantGroup;
			children = (
				BA2B994D26978B34009E05D5 /* Base */,
			);
			name = LaunchScreen.storyboard;
			sourceTree = "<group>";
		};
/* End PBXVariantGroup section */

/* Begin XCBuildConfiguration section */
		BA2B996626978B34009E05D5 /* Debug */ = {
			isa = XCBuildConfiguration;
			buildSettings = {
				ALWAYS_SEARCH_USER_PATHS = NO;
				CLANG_ANALYZER_NONNULL = YES;
				CLANG_ANALYZER_NUMBER_OBJECT_CONVERSION = YES_AGGRESSIVE;
				CLANG_CXX_LANGUAGE_STANDARD = "gnu++14";
				CLANG_CXX_LIBRARY = "libc++";
				CLANG_ENABLE_MODULES = YES;
				CLANG_ENABLE_OBJC_ARC = YES;
				CLANG_ENABLE_OBJC_WEAK = YES;
				CLANG_WARN_BLOCK_CAPTURE_AUTORELEASING = YES;
				CLANG_WARN_BOOL_CONVERSION = YES;
				CLANG_WARN_COMMA = YES;
				CLANG_WARN_CONSTANT_CONVERSION = YES;
				CLANG_WARN_DEPRECATED_OBJC_IMPLEMENTATIONS = YES;
				CLANG_WARN_DIRECT_OBJC_ISA_USAGE = YES_ERROR;
				CLANG_WARN_DOCUMENTATION_COMMENTS = YES;
				CLANG_WARN_EMPTY_BODY = YES;
				CLANG_WARN_ENUM_CONVERSION = YES;
				CLANG_WARN_INFINITE_RECURSION = YES;
				CLANG_WARN_INT_CONVERSION = YES;
				CLANG_WARN_NON_LITERAL_NULL_CONVERSION = YES;
				CLANG_WARN_OBJC_IMPLICIT_RETAIN_SELF = YES;
				CLANG_WARN_OBJC_LITERAL_CONVERSION = YES;
				CLANG_WARN_OBJC_ROOT_CLASS = YES_ERROR;
				CLANG_WARN_QUOTED_INCLUDE_IN_FRAMEWORK_HEADER = YES;
				CLANG_WARN_RANGE_LOOP_ANALYSIS = YES;
				CLANG_WARN_STRICT_PROTOTYPES = YES;
				CLANG_WARN_SUSPICIOUS_MOVE = YES;
				CLANG_WARN_UNGUARDED_AVAILABILITY = YES_AGGRESSIVE;
				CLANG_WARN_UNREACHABLE_CODE = YES;
				CLANG_WARN__DUPLICATE_METHOD_MATCH = YES;
				COPY_PHASE_STRIP = NO;
				DEBUG_INFORMATION_FORMAT = dwarf;
				ENABLE_STRICT_OBJC_MSGSEND = YES;
				ENABLE_TESTABILITY = YES;
				GCC_C_LANGUAGE_STANDARD = gnu11;
				GCC_DYNAMIC_NO_PIC = NO;
				GCC_NO_COMMON_BLOCKS = YES;
				GCC_OPTIMIZATION_LEVEL = 0;
				GCC_PREPROCESSOR_DEFINITIONS = (
					"DEBUG=1",
					"$(inherited)",
				);
				GCC_WARN_64_TO_32_BIT_CONVERSION = YES;
				GCC_WARN_ABOUT_RETURN_TYPE = YES_ERROR;
				GCC_WARN_UNDECLARED_SELECTOR = YES;
				GCC_WARN_UNINITIALIZED_AUTOS = YES_AGGRESSIVE;
				GCC_WARN_UNUSED_FUNCTION = YES;
				GCC_WARN_UNUSED_VARIABLE = YES;
				IPHONEOS_DEPLOYMENT_TARGET = 14.5;
				MTL_ENABLE_DEBUG_INFO = INCLUDE_SOURCE;
				MTL_FAST_MATH = YES;
				ONLY_ACTIVE_ARCH = YES;
				SDKROOT = iphoneos;
				SWIFT_ACTIVE_COMPILATION_CONDITIONS = DEBUG;
				SWIFT_OPTIMIZATION_LEVEL = "-Onone";
			};
			name = Debug;
		};
		BA2B996726978B34009E05D5 /* Release */ = {
			isa = XCBuildConfiguration;
			buildSettings = {
				ALWAYS_SEARCH_USER_PATHS = NO;
				CLANG_ANALYZER_NONNULL = YES;
				CLANG_ANALYZER_NUMBER_OBJECT_CONVERSION = YES_AGGRESSIVE;
				CLANG_CXX_LANGUAGE_STANDARD = "gnu++14";
				CLANG_CXX_LIBRARY = "libc++";
				CLANG_ENABLE_MODULES = YES;
				CLANG_ENABLE_OBJC_ARC = YES;
				CLANG_ENABLE_OBJC_WEAK = YES;
				CLANG_WARN_BLOCK_CAPTURE_AUTORELEASING = YES;
				CLANG_WARN_BOOL_CONVERSION = YES;
				CLANG_WARN_COMMA = YES;
				CLANG_WARN_CONSTANT_CONVERSION = YES;
				CLANG_WARN_DEPRECATED_OBJC_IMPLEMENTATIONS = YES;
				CLANG_WARN_DIRECT_OBJC_ISA_USAGE = YES_ERROR;
				CLANG_WARN_DOCUMENTATION_COMMENTS = YES;
				CLANG_WARN_EMPTY_BODY = YES;
				CLANG_WARN_ENUM_CONVERSION = YES;
				CLANG_WARN_INFINITE_RECURSION = YES;
				CLANG_WARN_INT_CONVERSION = YES;
				CLANG_WARN_NON_LITERAL_NULL_CONVERSION = YES;
				CLANG_WARN_OBJC_IMPLICIT_RETAIN_SELF = YES;
				CLANG_WARN_OBJC_LITERAL_CONVERSION = YES;
				CLANG_WARN_OBJC_ROOT_CLASS = YES_ERROR;
				CLANG_WARN_QUOTED_INCLUDE_IN_FRAMEWORK_HEADER = YES;
				CLANG_WARN_RANGE_LOOP_ANALYSIS = YES;
				CLANG_WARN_STRICT_PROTOTYPES = YES;
				CLANG_WARN_SUSPICIOUS_MOVE = YES;
				CLANG_WARN_UNGUARDED_AVAILABILITY = YES_AGGRESSIVE;
				CLANG_WARN_UNREACHABLE_CODE = YES;
				CLANG_WARN__DUPLICATE_METHOD_MATCH = YES;
				COPY_PHASE_STRIP = NO;
				DEBUG_INFORMATION_FORMAT = "dwarf-with-dsym";
				ENABLE_NS_ASSERTIONS = NO;
				ENABLE_STRICT_OBJC_MSGSEND = YES;
				GCC_C_LANGUAGE_STANDARD = gnu11;
				GCC_NO_COMMON_BLOCKS = YES;
				GCC_WARN_64_TO_32_BIT_CONVERSION = YES;
				GCC_WARN_ABOUT_RETURN_TYPE = YES_ERROR;
				GCC_WARN_UNDECLARED_SELECTOR = YES;
				GCC_WARN_UNINITIALIZED_AUTOS = YES_AGGRESSIVE;
				GCC_WARN_UNUSED_FUNCTION = YES;
				GCC_WARN_UNUSED_VARIABLE = YES;
				IPHONEOS_DEPLOYMENT_TARGET = 14.5;
				MTL_ENABLE_DEBUG_INFO = NO;
				MTL_FAST_MATH = YES;
				SDKROOT = iphoneos;
				SWIFT_COMPILATION_MODE = wholemodule;
				SWIFT_OPTIMIZATION_LEVEL = "-O";
				VALIDATE_PRODUCT = YES;
			};
			name = Release;
		};
		BA2B996926978B34009E05D5 /* Debug */ = {
			isa = XCBuildConfiguration;
			baseConfigurationReference = 35F6B6E73F00BAAE8C0A8090 /* Pods-InstaMFD.debug.xcconfig */;
			buildSettings = {
				ASSETCATALOG_COMPILER_APPICON_NAME = AppIcon;
				ASSETCATALOG_COMPILER_GLOBAL_ACCENT_COLOR_NAME = AccentColor;
				CODE_SIGN_STYLE = Automatic;
				DEVELOPMENT_TEAM = L3BFY9Y29C;
				FRAMEWORK_SEARCH_PATHS = (
					"$(SRCROOT)/../Vendor/Carthage/Build/",
					"$(inherited)",
				);
				INFOPLIST_FILE = InstaMFD/Resources/Info.plist;
				LD_RUNPATH_SEARCH_PATHS = (
					"$(inherited)",
					"@executable_path/Frameworks",
				);
				PRODUCT_BUNDLE_IDENTIFIER = com.fatihdogan.InstaMFD;
				PRODUCT_NAME = "$(TARGET_NAME)";
				SWIFT_VERSION = 5.0;
				TARGETED_DEVICE_FAMILY = "1,2";
			};
			name = Debug;
		};
		BA2B996A26978B34009E05D5 /* Release */ = {
			isa = XCBuildConfiguration;
			baseConfigurationReference = 75C9ABBABB26A96EB47B33D2 /* Pods-InstaMFD.release.xcconfig */;
			buildSettings = {
				ASSETCATALOG_COMPILER_APPICON_NAME = AppIcon;
				ASSETCATALOG_COMPILER_GLOBAL_ACCENT_COLOR_NAME = AccentColor;
				CODE_SIGN_ENTITLEMENTS = InstaMFD/InstaMFDRelease.entitlements;
				CODE_SIGN_IDENTITY = "Apple Development";
				CODE_SIGN_STYLE = Automatic;
				DEVELOPMENT_TEAM = "";
				FRAMEWORK_SEARCH_PATHS = (
					"$(SRCROOT)/../Vendor/Carthage/Build/",
					"$(inherited)",
				);
				INFOPLIST_FILE = InstaMFD/Resources/Info.plist;
				LD_RUNPATH_SEARCH_PATHS = (
					"$(inherited)",
					"@executable_path/Frameworks",
				);
				PRODUCT_BUNDLE_IDENTIFIER = com.fatihdogan.InstaMFD;
				PRODUCT_NAME = "$(TARGET_NAME)";
				PROVISIONING_PROFILE_SPECIFIER = "";
				SWIFT_VERSION = 5.0;
				TARGETED_DEVICE_FAMILY = "1,2";
			};
			name = Release;
		};
		BA2B996C26978B34009E05D5 /* Debug */ = {
			isa = XCBuildConfiguration;
			baseConfigurationReference = CB48F5CE637038178575B932 /* Pods-InstaMFDTests.debug.xcconfig */;
			buildSettings = {
				ALWAYS_EMBED_SWIFT_STANDARD_LIBRARIES = YES;
				BUNDLE_LOADER = "$(TEST_HOST)";
				CODE_SIGN_STYLE = Automatic;
				DEVELOPMENT_TEAM = L3BFY9Y29C;
				INFOPLIST_FILE = InstaMFDTests/Info.plist;
				IPHONEOS_DEPLOYMENT_TARGET = 14.5;
				LD_RUNPATH_SEARCH_PATHS = (
					"$(inherited)",
					"@executable_path/Frameworks",
					"@loader_path/Frameworks",
				);
				PRODUCT_BUNDLE_IDENTIFIER = com.fatihdogan.InstaMFDTests;
				PRODUCT_NAME = "$(TARGET_NAME)";
				SWIFT_VERSION = 5.0;
				TARGETED_DEVICE_FAMILY = "1,2";
				TEST_HOST = "$(BUILT_PRODUCTS_DIR)/InstaMFD.app/InstaMFD";
			};
			name = Debug;
		};
		BA2B996D26978B34009E05D5 /* Release */ = {
			isa = XCBuildConfiguration;
			baseConfigurationReference = 3A9DB76BE046253ADAA634C1 /* Pods-InstaMFDTests.release.xcconfig */;
			buildSettings = {
				ALWAYS_EMBED_SWIFT_STANDARD_LIBRARIES = YES;
				BUNDLE_LOADER = "$(TEST_HOST)";
				CODE_SIGN_STYLE = Automatic;
				DEVELOPMENT_TEAM = L3BFY9Y29C;
				INFOPLIST_FILE = InstaMFDTests/Info.plist;
				IPHONEOS_DEPLOYMENT_TARGET = 14.5;
				LD_RUNPATH_SEARCH_PATHS = (
					"$(inherited)",
					"@executable_path/Frameworks",
					"@loader_path/Frameworks",
				);
				PRODUCT_BUNDLE_IDENTIFIER = com.fatihdogan.InstaMFDTests;
				PRODUCT_NAME = "$(TARGET_NAME)";
				SWIFT_VERSION = 5.0;
				TARGETED_DEVICE_FAMILY = "1,2";
				TEST_HOST = "$(BUILT_PRODUCTS_DIR)/InstaMFD.app/InstaMFD";
			};
			name = Release;
		};
/* End XCBuildConfiguration section */

/* Begin XCConfigurationList section */
		BA2B993626978B33009E05D5 /* Build configuration list for PBXProject "InstaMFD" */ = {
			isa = XCConfigurationList;
			buildConfigurations = (
				BA2B996626978B34009E05D5 /* Debug */,
				BA2B996726978B34009E05D5 /* Release */,
			);
			defaultConfigurationIsVisible = 0;
			defaultConfigurationName = Release;
		};
		BA2B996826978B34009E05D5 /* Build configuration list for PBXNativeTarget "InstaMFD" */ = {
			isa = XCConfigurationList;
			buildConfigurations = (
				BA2B996926978B34009E05D5 /* Debug */,
				BA2B996A26978B34009E05D5 /* Release */,
			);
			defaultConfigurationIsVisible = 0;
			defaultConfigurationName = Release;
		};
		BA2B996B26978B34009E05D5 /* Build configuration list for PBXNativeTarget "InstaMFDTests" */ = {
			isa = XCConfigurationList;
			buildConfigurations = (
				BA2B996C26978B34009E05D5 /* Debug */,
				BA2B996D26978B34009E05D5 /* Release */,
			);
			defaultConfigurationIsVisible = 0;
			defaultConfigurationName = Release;
		};
/* End XCConfigurationList section */

/* Begin XCVersionGroup section */
		BA2B994726978B33009E05D5 /* InstaMFD.xcdatamodeld */ = {
			isa = XCVersionGroup;
			children = (
				BA2B994826978B33009E05D5 /* InstaMFD.xcdatamodel */,
			);
			currentVersion = BA2B994826978B33009E05D5 /* InstaMFD.xcdatamodel */;
			path = InstaMFD.xcdatamodeld;
			sourceTree = "<group>";
			versionGroupType = wrapper.xcdatamodel;
		};
/* End XCVersionGroup section */
	};
	rootObject = BA2B993326978B33009E05D5 /* Project object */;
}
